// !$*UTF8*$!
{
	archiveVersion = 1;
	classes = {
	};
	objectVersion = 46;
	objects = {
/* Begin PBXBuildFile section */
		00C302E51ABCBA2D00DB3ED1 /* libRCTActionSheet.a in Frameworks */ = {isa = PBXBuildFile; fileRef = 00C302AC1ABCB8CE00DB3ED1 /* libRCTActionSheet.a */; };
		00C302E71ABCBA2D00DB3ED1 /* libRCTGeolocation.a in Frameworks */ = {isa = PBXBuildFile; fileRef = 00C302BA1ABCB90400DB3ED1 /* libRCTGeolocation.a */; };
		00C302E81ABCBA2D00DB3ED1 /* libRCTImage.a in Frameworks */ = {isa = PBXBuildFile; fileRef = 00C302C01ABCB91800DB3ED1 /* libRCTImage.a */; };
		00C302E91ABCBA2D00DB3ED1 /* libRCTNetwork.a in Frameworks */ = {isa = PBXBuildFile; fileRef = 00C302DC1ABCB9D200DB3ED1 /* libRCTNetwork.a */; };
		00C302EA1ABCBA2D00DB3ED1 /* libRCTVibration.a in Frameworks */ = {isa = PBXBuildFile; fileRef = 00C302E41ABCB9EE00DB3ED1 /* libRCTVibration.a */; };
		00E356F31AD99517003FC87E /* MudamosMobileTests.m in Sources */ = {isa = PBXBuildFile; fileRef = 00E356F21AD99517003FC87E /* MudamosMobileTests.m */; };
		12DE1FDA65EF4A9BBD79B18B /* Ionicons.ttf in Resources */ = {isa = PBXBuildFile; fileRef = B15E59AB4D564186AE6276F2 /* Ionicons.ttf */; };
		133E29F31AD74F7200F7D852 /* libRCTLinking.a in Frameworks */ = {isa = PBXBuildFile; fileRef = 78C398B91ACF4ADC00677621 /* libRCTLinking.a */; };
		139105C61AF99C1200B5F7CC /* libRCTSettings.a in Frameworks */ = {isa = PBXBuildFile; fileRef = 139105C11AF99BAD00B5F7CC /* libRCTSettings.a */; };
		139FDEF61B0652A700C62182 /* libRCTWebSocket.a in Frameworks */ = {isa = PBXBuildFile; fileRef = 139FDEF41B06529B00C62182 /* libRCTWebSocket.a */; };
		13B07FBC1A68108700A75B9A /* AppDelegate.m in Sources */ = {isa = PBXBuildFile; fileRef = 13B07FB01A68108700A75B9A /* AppDelegate.m */; };
		13B07FBD1A68108700A75B9A /* LaunchScreen.xib in Resources */ = {isa = PBXBuildFile; fileRef = 13B07FB11A68108700A75B9A /* LaunchScreen.xib */; };
		13B07FBF1A68108700A75B9A /* Images.xcassets in Resources */ = {isa = PBXBuildFile; fileRef = 13B07FB51A68108700A75B9A /* Images.xcassets */; };
		13B07FC11A68108700A75B9A /* main.m in Sources */ = {isa = PBXBuildFile; fileRef = 13B07FB71A68108700A75B9A /* main.m */; };
		140ED2AC1D01E1AD002B40FF /* libReact.a in Frameworks */ = {isa = PBXBuildFile; fileRef = 146834041AC3E56700842450 /* libReact.a */; };
		146834051AC3E58100842450 /* libReact.a in Frameworks */ = {isa = PBXBuildFile; fileRef = 146834041AC3E56700842450 /* libReact.a */; };
		2364B1868423443CBD44C241 /* libLRDRCTSimpleToast.a in Frameworks */ = {isa = PBXBuildFile; fileRef = 18D778CA95AA41818810664F /* libLRDRCTSimpleToast.a */; };
		30910D199404C3C085B8EE95 /* Pods_MudamosMobileTagviewBeta.framework in Frameworks */ = {isa = PBXBuildFile; fileRef = 8015D2F0699133166A12BA63 /* Pods_MudamosMobileTagviewBeta.framework */; };
		46BD9FDC1DF1A0E600366372 /* InfoTagviewBeta.plist in Resources */ = {isa = PBXBuildFile; fileRef = 46BD9FDB1DF1A0E600366372 /* InfoTagviewBeta.plist */; };
		46D30D7C1DE46B8400CE09C0 /* FacebookSDKStrings.bundle in Resources */ = {isa = PBXBuildFile; fileRef = 46D30D7B1DE46B8400CE09C0 /* FacebookSDKStrings.bundle */; };
		46ED2A6E1DF194E400B36CD0 /* AppDelegate.m in Sources */ = {isa = PBXBuildFile; fileRef = 13B07FB01A68108700A75B9A /* AppDelegate.m */; };
		46ED2A6F1DF194E400B36CD0 /* main.m in Sources */ = {isa = PBXBuildFile; fileRef = 13B07FB71A68108700A75B9A /* main.m */; };
		46ED2A711DF194E400B36CD0 /* libReact.a in Frameworks */ = {isa = PBXBuildFile; fileRef = 146834041AC3E56700842450 /* libReact.a */; };
		46ED2A721DF194E400B36CD0 /* libRCTActionSheet.a in Frameworks */ = {isa = PBXBuildFile; fileRef = 00C302AC1ABCB8CE00DB3ED1 /* libRCTActionSheet.a */; };
		46ED2A731DF194E400B36CD0 /* libRCTGeolocation.a in Frameworks */ = {isa = PBXBuildFile; fileRef = 00C302BA1ABCB90400DB3ED1 /* libRCTGeolocation.a */; };
		46ED2A741DF194E400B36CD0 /* libRCTImage.a in Frameworks */ = {isa = PBXBuildFile; fileRef = 00C302C01ABCB91800DB3ED1 /* libRCTImage.a */; };
		46ED2A751DF194E400B36CD0 /* libRCTLinking.a in Frameworks */ = {isa = PBXBuildFile; fileRef = 78C398B91ACF4ADC00677621 /* libRCTLinking.a */; };
		46ED2A761DF194E400B36CD0 /* libRCTNetwork.a in Frameworks */ = {isa = PBXBuildFile; fileRef = 00C302DC1ABCB9D200DB3ED1 /* libRCTNetwork.a */; };
		46ED2A771DF194E400B36CD0 /* libRCTSettings.a in Frameworks */ = {isa = PBXBuildFile; fileRef = 139105C11AF99BAD00B5F7CC /* libRCTSettings.a */; };
		46ED2A781DF194E400B36CD0 /* libRCTText.a in Frameworks */ = {isa = PBXBuildFile; fileRef = 832341B51AAA6A8300B99B32 /* libRCTText.a */; };
		46ED2A791DF194E400B36CD0 /* libRCTVibration.a in Frameworks */ = {isa = PBXBuildFile; fileRef = 00C302E41ABCB9EE00DB3ED1 /* libRCTVibration.a */; };
		46ED2A7A1DF194E400B36CD0 /* libRCTWebSocket.a in Frameworks */ = {isa = PBXBuildFile; fileRef = 139FDEF41B06529B00C62182 /* libRCTWebSocket.a */; };
		46ED2A7B1DF194E400B36CD0 /* libReactNativeConfig.a in Frameworks */ = {isa = PBXBuildFile; fileRef = B55C452B89744C8C88F648C4 /* libReactNativeConfig.a */; };
		46ED2A7C1DF194E400B36CD0 /* libRNSpinkit.a in Frameworks */ = {isa = PBXBuildFile; fileRef = 7C6E4E916C3B4AFEBB903B41 /* libRNSpinkit.a */; };
		46ED2A7D1DF194E400B36CD0 /* libRNVectorIcons.a in Frameworks */ = {isa = PBXBuildFile; fileRef = 9BC5D238E00C444189EA91E3 /* libRNVectorIcons.a */; };
		46ED2A7E1DF194E400B36CD0 /* libRCTFBLogin.a in Frameworks */ = {isa = PBXBuildFile; fileRef = 5A381532B2A246F99750EEF9 /* libRCTFBLogin.a */; };
		46ED2A7F1DF194E400B36CD0 /* Pods_MudamosMobile.framework in Frameworks */ = {isa = PBXBuildFile; fileRef = DBBB0EDB6FB4D46948F2A27B /* Pods_MudamosMobile.framework */; };
		46ED2A801DF194E400B36CD0 /* libLRDRCTSimpleToast.a in Frameworks */ = {isa = PBXBuildFile; fileRef = 18D778CA95AA41818810664F /* libLRDRCTSimpleToast.a */; };
		46ED2A821DF194E400B36CD0 /* Images.xcassets in Resources */ = {isa = PBXBuildFile; fileRef = 13B07FB51A68108700A75B9A /* Images.xcassets */; };
		46ED2A831DF194E400B36CD0 /* LaunchScreen.xib in Resources */ = {isa = PBXBuildFile; fileRef = 13B07FB11A68108700A75B9A /* LaunchScreen.xib */; };
		46ED2A841DF194E400B36CD0 /* Entypo.ttf in Resources */ = {isa = PBXBuildFile; fileRef = FC816BA612714338983ED538 /* Entypo.ttf */; };
		46ED2A851DF194E400B36CD0 /* FacebookSDKStrings.bundle in Resources */ = {isa = PBXBuildFile; fileRef = 46D30D7B1DE46B8400CE09C0 /* FacebookSDKStrings.bundle */; };
		46ED2A861DF194E400B36CD0 /* EvilIcons.ttf in Resources */ = {isa = PBXBuildFile; fileRef = 10E569BB49504C0E8E0A286A /* EvilIcons.ttf */; };
		46ED2A871DF194E400B36CD0 /* FontAwesome.ttf in Resources */ = {isa = PBXBuildFile; fileRef = 9B5E533F39E44066933C7E40 /* FontAwesome.ttf */; };
		46ED2A881DF194E400B36CD0 /* Foundation.ttf in Resources */ = {isa = PBXBuildFile; fileRef = 9F016C18A1E94D748F17680C /* Foundation.ttf */; };
		46ED2A891DF194E400B36CD0 /* Ionicons.ttf in Resources */ = {isa = PBXBuildFile; fileRef = B15E59AB4D564186AE6276F2 /* Ionicons.ttf */; };
		46ED2A8A1DF194E400B36CD0 /* MaterialIcons.ttf in Resources */ = {isa = PBXBuildFile; fileRef = 1EBAE3E29553499CBB9730E7 /* MaterialIcons.ttf */; };
		46ED2A8B1DF194E400B36CD0 /* Octicons.ttf in Resources */ = {isa = PBXBuildFile; fileRef = 0F2DC68A75BF46FBBA40FCDC /* Octicons.ttf */; };
		46ED2A8C1DF194E400B36CD0 /* SimpleLineIcons.ttf in Resources */ = {isa = PBXBuildFile; fileRef = 52CFEA4AA81E45E9A3978748 /* SimpleLineIcons.ttf */; };
		46ED2A8D1DF194E400B36CD0 /* Zocial.ttf in Resources */ = {isa = PBXBuildFile; fileRef = 413B12353FD34D1C9F7FE084 /* Zocial.ttf */; };
		487149B079254A2EAA173126 /* libRCTFBLogin.a in Frameworks */ = {isa = PBXBuildFile; fileRef = 5A381532B2A246F99750EEF9 /* libRCTFBLogin.a */; };
		4E3854BF0D083037E79D169F /* Pods_MudamosMobileTests.framework in Frameworks */ = {isa = PBXBuildFile; fileRef = CB358AEDAED7A7D4E7C8E06C /* Pods_MudamosMobileTests.framework */; };
		5BCE8C5C9D8349EFB95E719A /* EvilIcons.ttf in Resources */ = {isa = PBXBuildFile; fileRef = 10E569BB49504C0E8E0A286A /* EvilIcons.ttf */; };
		609EBA8E9D8E4A92BF4BBEA5 /* Entypo.ttf in Resources */ = {isa = PBXBuildFile; fileRef = FC816BA612714338983ED538 /* Entypo.ttf */; };
		6DEB6F7A5414DE00DCABF21D /* Pods_MudamosMobile.framework in Frameworks */ = {isa = PBXBuildFile; fileRef = DBBB0EDB6FB4D46948F2A27B /* Pods_MudamosMobile.framework */; };
		832341BD1AAA6AB300B99B32 /* libRCTText.a in Frameworks */ = {isa = PBXBuildFile; fileRef = 832341B51AAA6A8300B99B32 /* libRCTText.a */; };
		A582C3D9FA9E493FA165D256 /* libRNSpinkit.a in Frameworks */ = {isa = PBXBuildFile; fileRef = 7C6E4E916C3B4AFEBB903B41 /* libRNSpinkit.a */; };
		A987A82739134C549891CBB6 /* Zocial.ttf in Resources */ = {isa = PBXBuildFile; fileRef = 413B12353FD34D1C9F7FE084 /* Zocial.ttf */; };
		AE65A15000BA4D24BE9384D3 /* MaterialIcons.ttf in Resources */ = {isa = PBXBuildFile; fileRef = 1EBAE3E29553499CBB9730E7 /* MaterialIcons.ttf */; };
		B9DC8F78B14942C9AA8886FC /* SimpleLineIcons.ttf in Resources */ = {isa = PBXBuildFile; fileRef = 52CFEA4AA81E45E9A3978748 /* SimpleLineIcons.ttf */; };
		C4DC04054CD8457DBDF02C62 /* libRNVectorIcons.a in Frameworks */ = {isa = PBXBuildFile; fileRef = 9BC5D238E00C444189EA91E3 /* libRNVectorIcons.a */; };
		C9AFB9662A2E495A8F9DC469 /* Foundation.ttf in Resources */ = {isa = PBXBuildFile; fileRef = 9F016C18A1E94D748F17680C /* Foundation.ttf */; };
		D255DBA5704D40A7AB44AB19 /* libReactNativeConfig.a in Frameworks */ = {isa = PBXBuildFile; fileRef = B55C452B89744C8C88F648C4 /* libReactNativeConfig.a */; };
		D3E5BB9F9F7942BAAFD16EF4 /* Octicons.ttf in Resources */ = {isa = PBXBuildFile; fileRef = 0F2DC68A75BF46FBBA40FCDC /* Octicons.ttf */; };
		F424078D44A14BFBBE1D412B /* FontAwesome.ttf in Resources */ = {isa = PBXBuildFile; fileRef = 9B5E533F39E44066933C7E40 /* FontAwesome.ttf */; };
		42961A956F554605831631BF /* libRCTMaterialKit.a in Frameworks */ = {isa = PBXBuildFile; fileRef = 2CEAAA30612448BBADAF3224 /* libRCTMaterialKit.a */; };
		25C471E7FD8644158C6B3260 /* libAirMaps.a in Frameworks */ = {isa = PBXBuildFile; fileRef = 1082FEFEA6B34CF8A23BF45D /* libAirMaps.a */; };
/* End PBXBuildFile section */

/* Begin PBXContainerItemProxy section */
		00C302AB1ABCB8CE00DB3ED1 /* PBXContainerItemProxy */ = {
			isa = PBXContainerItemProxy;
			containerPortal = 00C302A71ABCB8CE00DB3ED1 /* RCTActionSheet.xcodeproj */;
			proxyType = 2;
			remoteGlobalIDString = 134814201AA4EA6300B7C361;
			remoteInfo = RCTActionSheet;
		};
		00C302B91ABCB90400DB3ED1 /* PBXContainerItemProxy */ = {
			isa = PBXContainerItemProxy;
			containerPortal = 00C302B51ABCB90400DB3ED1 /* RCTGeolocation.xcodeproj */;
			proxyType = 2;
			remoteGlobalIDString = 134814201AA4EA6300B7C361;
			remoteInfo = RCTGeolocation;
		};
		00C302BF1ABCB91800DB3ED1 /* PBXContainerItemProxy */ = {
			isa = PBXContainerItemProxy;
			containerPortal = 00C302BB1ABCB91800DB3ED1 /* RCTImage.xcodeproj */;
			proxyType = 2;
			remoteGlobalIDString = 58B5115D1A9E6B3D00147676;
			remoteInfo = RCTImage;
		};
		00C302DB1ABCB9D200DB3ED1 /* PBXContainerItemProxy */ = {
			isa = PBXContainerItemProxy;
			containerPortal = 00C302D31ABCB9D200DB3ED1 /* RCTNetwork.xcodeproj */;
			proxyType = 2;
			remoteGlobalIDString = 58B511DB1A9E6C8500147676;
			remoteInfo = RCTNetwork;
		};
		00C302E31ABCB9EE00DB3ED1 /* PBXContainerItemProxy */ = {
			isa = PBXContainerItemProxy;
			containerPortal = 00C302DF1ABCB9EE00DB3ED1 /* RCTVibration.xcodeproj */;
			proxyType = 2;
			remoteGlobalIDString = 832C81801AAF6DEF007FA2F7;
			remoteInfo = RCTVibration;
		};
		00E356F41AD99517003FC87E /* PBXContainerItemProxy */ = {
			isa = PBXContainerItemProxy;
			containerPortal = 83CBB9F71A601CBA00E9B192 /* Project object */;
			proxyType = 1;
			remoteGlobalIDString = 13B07F861A680F5B00A75B9A;
			remoteInfo = MudamosMobile;
		};
		139105C01AF99BAD00B5F7CC /* PBXContainerItemProxy */ = {
			isa = PBXContainerItemProxy;
			containerPortal = 139105B61AF99BAD00B5F7CC /* RCTSettings.xcodeproj */;
			proxyType = 2;
			remoteGlobalIDString = 134814201AA4EA6300B7C361;
			remoteInfo = RCTSettings;
		};
		139FDEF31B06529B00C62182 /* PBXContainerItemProxy */ = {
			isa = PBXContainerItemProxy;
			containerPortal = 139FDEE61B06529A00C62182 /* RCTWebSocket.xcodeproj */;
			proxyType = 2;
			remoteGlobalIDString = 3C86DF461ADF2C930047B81A;
			remoteInfo = RCTWebSocket;
		};
		146834031AC3E56700842450 /* PBXContainerItemProxy */ = {
			isa = PBXContainerItemProxy;
			containerPortal = 146833FF1AC3E56700842450 /* React.xcodeproj */;
			proxyType = 2;
			remoteGlobalIDString = 83CBBA2E1A601D0E00E9B192;
			remoteInfo = React;
		};
		460E7DCC1DF18C1100F86028 /* PBXContainerItemProxy */ = {
			isa = PBXContainerItemProxy;
			containerPortal = 58704BD66EA349B7BB79C7ED /* LRDRCTSimpleToast.xcodeproj */;
			proxyType = 2;
			remoteGlobalIDString = 15209BEF1D250F63000D0F44;
			remoteInfo = LRDRCTSimpleToast;
		};
		46C0AB2B1DD5E40600447C6C /* PBXContainerItemProxy */ = {
			isa = PBXContainerItemProxy;
			containerPortal = 00C302BB1ABCB91800DB3ED1 /* RCTImage.xcodeproj */;
			proxyType = 2;
			remoteGlobalIDString = 2D2A283A1D9B042B00D4039D;
			remoteInfo = "RCTImage-tvOS";
		};
		46C0AB2F1DD5E40600447C6C /* PBXContainerItemProxy */ = {
			isa = PBXContainerItemProxy;
			containerPortal = 78C398B01ACF4ADC00677621 /* RCTLinking.xcodeproj */;
			proxyType = 2;
			remoteGlobalIDString = 2D2A28471D9B043800D4039D;
			remoteInfo = "RCTLinking-tvOS";
		};
		46C0AB331DD5E40600447C6C /* PBXContainerItemProxy */ = {
			isa = PBXContainerItemProxy;
			containerPortal = 00C302D31ABCB9D200DB3ED1 /* RCTNetwork.xcodeproj */;
			proxyType = 2;
			remoteGlobalIDString = 2D2A28541D9B044C00D4039D;
			remoteInfo = "RCTNetwork-tvOS";
		};
		46C0AB371DD5E40600447C6C /* PBXContainerItemProxy */ = {
			isa = PBXContainerItemProxy;
			containerPortal = 139105B61AF99BAD00B5F7CC /* RCTSettings.xcodeproj */;
			proxyType = 2;
			remoteGlobalIDString = 2D2A28611D9B046600D4039D;
			remoteInfo = "RCTSettings-tvOS";
		};
		46C0AB3B1DD5E40600447C6C /* PBXContainerItemProxy */ = {
			isa = PBXContainerItemProxy;
			containerPortal = 832341B01AAA6A8300B99B32 /* RCTText.xcodeproj */;
			proxyType = 2;
			remoteGlobalIDString = 2D2A287B1D9B048500D4039D;
			remoteInfo = "RCTText-tvOS";
		};
		46C0AB401DD5E40600447C6C /* PBXContainerItemProxy */ = {
			isa = PBXContainerItemProxy;
			containerPortal = 139FDEE61B06529A00C62182 /* RCTWebSocket.xcodeproj */;
			proxyType = 2;
			remoteGlobalIDString = 2D2A28881D9B049200D4039D;
			remoteInfo = "RCTWebSocket-tvOS";
		};
		46C0AB441DD5E40600447C6C /* PBXContainerItemProxy */ = {
			isa = PBXContainerItemProxy;
			containerPortal = 146833FF1AC3E56700842450 /* React.xcodeproj */;
			proxyType = 2;
			remoteGlobalIDString = 2D2A28131D9B038B00D4039D;
			remoteInfo = "React-tvOS";
		};
		46C0AB471DD5E40600447C6C /* PBXContainerItemProxy */ = {
			isa = PBXContainerItemProxy;
			containerPortal = 4FE2169637FE40188168F6C0 /* ReactNativeConfig.xcodeproj */;
			proxyType = 2;
			remoteGlobalIDString = EB2648DF1C7BE17A00B8F155;
			remoteInfo = ReactNativeConfig;
		};
		46DBF0451DE386CF006B43B5 /* PBXContainerItemProxy */ = {
			isa = PBXContainerItemProxy;
			containerPortal = 05CE97551B064F0BBF41E711 /* RNVectorIcons.xcodeproj */;
			proxyType = 2;
			remoteGlobalIDString = 5DBEB1501B18CEA900B34395;
			remoteInfo = RNVectorIcons;
		};
		46DBF04A1DE386CF006B43B5 /* PBXContainerItemProxy */ = {
			isa = PBXContainerItemProxy;
			containerPortal = 0D705390BB914269AE72B86B /* RNSpinkit.xcodeproj */;
			proxyType = 2;
			remoteGlobalIDString = D42CB3511B2538DE00FD0AE2;
			remoteInfo = RNSpinkit;
		};
		46DBF04F1DE386CF006B43B5 /* PBXContainerItemProxy */ = {
			isa = PBXContainerItemProxy;
			containerPortal = 00A706D81B194C98BD55B335 /* RCTFBLogin.xcodeproj */;
			proxyType = 2;
			remoteGlobalIDString = 4F3A6B5B1ACFBCC500CA65F7;
			remoteInfo = RCTFBLogin;
		};
		78C398B81ACF4ADC00677621 /* PBXContainerItemProxy */ = {
			isa = PBXContainerItemProxy;
			containerPortal = 78C398B01ACF4ADC00677621 /* RCTLinking.xcodeproj */;
			proxyType = 2;
			remoteGlobalIDString = 134814201AA4EA6300B7C361;
			remoteInfo = RCTLinking;
		};
		832341B41AAA6A8300B99B32 /* PBXContainerItemProxy */ = {
			isa = PBXContainerItemProxy;
			containerPortal = 832341B01AAA6A8300B99B32 /* RCTText.xcodeproj */;
			proxyType = 2;
			remoteGlobalIDString = 58B5119B1A9E6C1200147676;
			remoteInfo = RCTText;
		};
/* End PBXContainerItemProxy section */

/* Begin PBXFileReference section */
		008F07F21AC5B25A0029DE68 /* main.jsbundle */ = {isa = PBXFileReference; fileEncoding = 4; lastKnownFileType = text; path = main.jsbundle; sourceTree = "<group>"; };
		00A706D81B194C98BD55B335 /* RCTFBLogin.xcodeproj */ = {isa = PBXFileReference; explicitFileType = undefined; fileEncoding = 9; includeInIndex = 0; lastKnownFileType = "wrapper.pb-project"; name = RCTFBLogin.xcodeproj; path = "../node_modules/react-native-facebook-login/RCTFBLogin.xcodeproj"; sourceTree = "<group>"; };
		00C302A71ABCB8CE00DB3ED1 /* RCTActionSheet.xcodeproj */ = {isa = PBXFileReference; lastKnownFileType = "wrapper.pb-project"; name = RCTActionSheet.xcodeproj; path = "../node_modules/react-native/Libraries/ActionSheetIOS/RCTActionSheet.xcodeproj"; sourceTree = "<group>"; };
		00C302B51ABCB90400DB3ED1 /* RCTGeolocation.xcodeproj */ = {isa = PBXFileReference; lastKnownFileType = "wrapper.pb-project"; name = RCTGeolocation.xcodeproj; path = "../node_modules/react-native/Libraries/Geolocation/RCTGeolocation.xcodeproj"; sourceTree = "<group>"; };
		00C302BB1ABCB91800DB3ED1 /* RCTImage.xcodeproj */ = {isa = PBXFileReference; lastKnownFileType = "wrapper.pb-project"; name = RCTImage.xcodeproj; path = "../node_modules/react-native/Libraries/Image/RCTImage.xcodeproj"; sourceTree = "<group>"; };
		00C302D31ABCB9D200DB3ED1 /* RCTNetwork.xcodeproj */ = {isa = PBXFileReference; lastKnownFileType = "wrapper.pb-project"; name = RCTNetwork.xcodeproj; path = "../node_modules/react-native/Libraries/Network/RCTNetwork.xcodeproj"; sourceTree = "<group>"; };
		00C302DF1ABCB9EE00DB3ED1 /* RCTVibration.xcodeproj */ = {isa = PBXFileReference; lastKnownFileType = "wrapper.pb-project"; name = RCTVibration.xcodeproj; path = "../node_modules/react-native/Libraries/Vibration/RCTVibration.xcodeproj"; sourceTree = "<group>"; };
		00E356EE1AD99517003FC87E /* MudamosMobileTests.xctest */ = {isa = PBXFileReference; explicitFileType = wrapper.cfbundle; includeInIndex = 0; path = MudamosMobileTests.xctest; sourceTree = BUILT_PRODUCTS_DIR; };
		00E356F11AD99517003FC87E /* Info.plist */ = {isa = PBXFileReference; lastKnownFileType = text.plist.xml; path = Info.plist; sourceTree = "<group>"; };
		00E356F21AD99517003FC87E /* MudamosMobileTests.m */ = {isa = PBXFileReference; lastKnownFileType = sourcecode.c.objc; path = MudamosMobileTests.m; sourceTree = "<group>"; };
		05CE97551B064F0BBF41E711 /* RNVectorIcons.xcodeproj */ = {isa = PBXFileReference; explicitFileType = undefined; fileEncoding = 9; includeInIndex = 0; lastKnownFileType = "wrapper.pb-project"; name = RNVectorIcons.xcodeproj; path = "../node_modules/react-native-vector-icons/RNVectorIcons.xcodeproj"; sourceTree = "<group>"; };
		0D705390BB914269AE72B86B /* RNSpinkit.xcodeproj */ = {isa = PBXFileReference; explicitFileType = undefined; fileEncoding = 9; includeInIndex = 0; lastKnownFileType = "wrapper.pb-project"; name = RNSpinkit.xcodeproj; path = "../node_modules/react-native-spinkit/ios/RNSpinkit.xcodeproj"; sourceTree = "<group>"; };
		0F2DC68A75BF46FBBA40FCDC /* Octicons.ttf */ = {isa = PBXFileReference; explicitFileType = undefined; fileEncoding = 9; includeInIndex = 0; lastKnownFileType = unknown; name = Octicons.ttf; path = "../node_modules/react-native-vector-icons/Fonts/Octicons.ttf"; sourceTree = "<group>"; };
		10E569BB49504C0E8E0A286A /* EvilIcons.ttf */ = {isa = PBXFileReference; explicitFileType = undefined; fileEncoding = 9; includeInIndex = 0; lastKnownFileType = unknown; name = EvilIcons.ttf; path = "../node_modules/react-native-vector-icons/Fonts/EvilIcons.ttf"; sourceTree = "<group>"; };
		139105B61AF99BAD00B5F7CC /* RCTSettings.xcodeproj */ = {isa = PBXFileReference; lastKnownFileType = "wrapper.pb-project"; name = RCTSettings.xcodeproj; path = "../node_modules/react-native/Libraries/Settings/RCTSettings.xcodeproj"; sourceTree = "<group>"; };
		139FDEE61B06529A00C62182 /* RCTWebSocket.xcodeproj */ = {isa = PBXFileReference; lastKnownFileType = "wrapper.pb-project"; name = RCTWebSocket.xcodeproj; path = "../node_modules/react-native/Libraries/WebSocket/RCTWebSocket.xcodeproj"; sourceTree = "<group>"; };
		13B07F961A680F5B00A75B9A /* MudamosMobile.app */ = {isa = PBXFileReference; explicitFileType = wrapper.application; includeInIndex = 0; path = MudamosMobile.app; sourceTree = BUILT_PRODUCTS_DIR; };
		13B07FAF1A68108700A75B9A /* AppDelegate.h */ = {isa = PBXFileReference; fileEncoding = 4; lastKnownFileType = sourcecode.c.h; name = AppDelegate.h; path = MudamosMobile/AppDelegate.h; sourceTree = "<group>"; };
		13B07FB01A68108700A75B9A /* AppDelegate.m */ = {isa = PBXFileReference; fileEncoding = 4; lastKnownFileType = sourcecode.c.objc; name = AppDelegate.m; path = MudamosMobile/AppDelegate.m; sourceTree = "<group>"; };
		13B07FB51A68108700A75B9A /* Images.xcassets */ = {isa = PBXFileReference; lastKnownFileType = folder.assetcatalog; name = Images.xcassets; path = MudamosMobile/Images.xcassets; sourceTree = "<group>"; };
		13B07FB61A68108700A75B9A /* Info.plist */ = {isa = PBXFileReference; fileEncoding = 4; lastKnownFileType = text.plist.xml; name = Info.plist; path = MudamosMobile/Info.plist; sourceTree = "<group>"; };
		13B07FB71A68108700A75B9A /* main.m */ = {isa = PBXFileReference; fileEncoding = 4; lastKnownFileType = sourcecode.c.objc; name = main.m; path = MudamosMobile/main.m; sourceTree = "<group>"; };
		146833FF1AC3E56700842450 /* React.xcodeproj */ = {isa = PBXFileReference; lastKnownFileType = "wrapper.pb-project"; name = React.xcodeproj; path = "../node_modules/react-native/React/React.xcodeproj"; sourceTree = "<group>"; };
		18D778CA95AA41818810664F /* libLRDRCTSimpleToast.a */ = {isa = PBXFileReference; explicitFileType = undefined; fileEncoding = 9; includeInIndex = 0; lastKnownFileType = archive.ar; path = libLRDRCTSimpleToast.a; sourceTree = "<group>"; };
		1EBAE3E29553499CBB9730E7 /* MaterialIcons.ttf */ = {isa = PBXFileReference; explicitFileType = undefined; fileEncoding = 9; includeInIndex = 0; lastKnownFileType = unknown; name = MaterialIcons.ttf; path = "../node_modules/react-native-vector-icons/Fonts/MaterialIcons.ttf"; sourceTree = "<group>"; };
		207C3AC18ADF55D82D20DF88 /* Pods-MudamosMobileTests.release.xcconfig */ = {isa = PBXFileReference; includeInIndex = 1; lastKnownFileType = text.xcconfig; name = "Pods-MudamosMobileTests.release.xcconfig"; path = "Pods/Target Support Files/Pods-MudamosMobileTests/Pods-MudamosMobileTests.release.xcconfig"; sourceTree = "<group>"; };
		245171D29B70E3836D0013F4 /* Pods-MudamosMobileTagviewBeta.release.xcconfig */ = {isa = PBXFileReference; includeInIndex = 1; lastKnownFileType = text.xcconfig; name = "Pods-MudamosMobileTagviewBeta.release.xcconfig"; path = "Pods/Target Support Files/Pods-MudamosMobileTagviewBeta/Pods-MudamosMobileTagviewBeta.release.xcconfig"; sourceTree = "<group>"; };
		413B12353FD34D1C9F7FE084 /* Zocial.ttf */ = {isa = PBXFileReference; explicitFileType = undefined; fileEncoding = 9; includeInIndex = 0; lastKnownFileType = unknown; name = Zocial.ttf; path = "../node_modules/react-native-vector-icons/Fonts/Zocial.ttf"; sourceTree = "<group>"; };
		46BD9FDB1DF1A0E600366372 /* InfoTagviewBeta.plist */ = {isa = PBXFileReference; fileEncoding = 4; lastKnownFileType = text.plist.xml; name = InfoTagviewBeta.plist; path = MudamosMobile/InfoTagviewBeta.plist; sourceTree = "<group>"; };
		46D30D7B1DE46B8400CE09C0 /* FacebookSDKStrings.bundle */ = {isa = PBXFileReference; lastKnownFileType = "wrapper.plug-in"; path = FacebookSDKStrings.bundle; sourceTree = "<group>"; };
		46DE63581DE469430031B576 /* Base */ = {isa = PBXFileReference; lastKnownFileType = file.xib; name = Base; path = Base.lproj/LaunchScreen.xib; sourceTree = "<group>"; };
		46ED2A941DF194E400B36CD0 /* MudamosMobileTagviewBeta.app */ = {isa = PBXFileReference; explicitFileType = wrapper.application; includeInIndex = 0; path = MudamosMobileTagviewBeta.app; sourceTree = BUILT_PRODUCTS_DIR; };
		4FE2169637FE40188168F6C0 /* ReactNativeConfig.xcodeproj */ = {isa = PBXFileReference; explicitFileType = undefined; fileEncoding = 9; includeInIndex = 0; lastKnownFileType = "wrapper.pb-project"; name = ReactNativeConfig.xcodeproj; path = "../node_modules/react-native-config/ios/ReactNativeConfig.xcodeproj"; sourceTree = "<group>"; };
		52CFEA4AA81E45E9A3978748 /* SimpleLineIcons.ttf */ = {isa = PBXFileReference; explicitFileType = undefined; fileEncoding = 9; includeInIndex = 0; lastKnownFileType = unknown; name = SimpleLineIcons.ttf; path = "../node_modules/react-native-vector-icons/Fonts/SimpleLineIcons.ttf"; sourceTree = "<group>"; };
		58704BD66EA349B7BB79C7ED /* LRDRCTSimpleToast.xcodeproj */ = {isa = PBXFileReference; explicitFileType = undefined; fileEncoding = 9; includeInIndex = 0; lastKnownFileType = "wrapper.pb-project"; name = LRDRCTSimpleToast.xcodeproj; path = "../node_modules/react-native-simple-toast/ios/LRDRCTSimpleToast.xcodeproj"; sourceTree = "<group>"; };
		5A381532B2A246F99750EEF9 /* libRCTFBLogin.a */ = {isa = PBXFileReference; explicitFileType = undefined; fileEncoding = 9; includeInIndex = 0; lastKnownFileType = archive.ar; path = libRCTFBLogin.a; sourceTree = "<group>"; };
		5CA59394A12E918879BC09D5 /* Pods-MudamosMobileTests.debug.xcconfig */ = {isa = PBXFileReference; includeInIndex = 1; lastKnownFileType = text.xcconfig; name = "Pods-MudamosMobileTests.debug.xcconfig"; path = "Pods/Target Support Files/Pods-MudamosMobileTests/Pods-MudamosMobileTests.debug.xcconfig"; sourceTree = "<group>"; };
		78C398B01ACF4ADC00677621 /* RCTLinking.xcodeproj */ = {isa = PBXFileReference; lastKnownFileType = "wrapper.pb-project"; name = RCTLinking.xcodeproj; path = "../node_modules/react-native/Libraries/LinkingIOS/RCTLinking.xcodeproj"; sourceTree = "<group>"; };
		7C6E4E916C3B4AFEBB903B41 /* libRNSpinkit.a */ = {isa = PBXFileReference; explicitFileType = undefined; fileEncoding = 9; includeInIndex = 0; lastKnownFileType = archive.ar; path = libRNSpinkit.a; sourceTree = "<group>"; };
		8015D2F0699133166A12BA63 /* Pods_MudamosMobileTagviewBeta.framework */ = {isa = PBXFileReference; explicitFileType = wrapper.framework; includeInIndex = 0; path = Pods_MudamosMobileTagviewBeta.framework; sourceTree = BUILT_PRODUCTS_DIR; };
		832341B01AAA6A8300B99B32 /* RCTText.xcodeproj */ = {isa = PBXFileReference; lastKnownFileType = "wrapper.pb-project"; name = RCTText.xcodeproj; path = "../node_modules/react-native/Libraries/Text/RCTText.xcodeproj"; sourceTree = "<group>"; };
		9B5E533F39E44066933C7E40 /* FontAwesome.ttf */ = {isa = PBXFileReference; explicitFileType = undefined; fileEncoding = 9; includeInIndex = 0; lastKnownFileType = unknown; name = FontAwesome.ttf; path = "../node_modules/react-native-vector-icons/Fonts/FontAwesome.ttf"; sourceTree = "<group>"; };
		9BC5D238E00C444189EA91E3 /* libRNVectorIcons.a */ = {isa = PBXFileReference; explicitFileType = undefined; fileEncoding = 9; includeInIndex = 0; lastKnownFileType = archive.ar; path = libRNVectorIcons.a; sourceTree = "<group>"; };
		9F016C18A1E94D748F17680C /* Foundation.ttf */ = {isa = PBXFileReference; explicitFileType = undefined; fileEncoding = 9; includeInIndex = 0; lastKnownFileType = unknown; name = Foundation.ttf; path = "../node_modules/react-native-vector-icons/Fonts/Foundation.ttf"; sourceTree = "<group>"; };
		B15E59AB4D564186AE6276F2 /* Ionicons.ttf */ = {isa = PBXFileReference; explicitFileType = undefined; fileEncoding = 9; includeInIndex = 0; lastKnownFileType = unknown; name = Ionicons.ttf; path = "../node_modules/react-native-vector-icons/Fonts/Ionicons.ttf"; sourceTree = "<group>"; };
		B55C452B89744C8C88F648C4 /* libReactNativeConfig.a */ = {isa = PBXFileReference; explicitFileType = undefined; fileEncoding = 9; includeInIndex = 0; lastKnownFileType = archive.ar; path = libReactNativeConfig.a; sourceTree = "<group>"; };
		BB620C49F665BCB96048640D /* Pods-MudamosMobile.release.xcconfig */ = {isa = PBXFileReference; includeInIndex = 1; lastKnownFileType = text.xcconfig; name = "Pods-MudamosMobile.release.xcconfig"; path = "Pods/Target Support Files/Pods-MudamosMobile/Pods-MudamosMobile.release.xcconfig"; sourceTree = "<group>"; };
		CB358AEDAED7A7D4E7C8E06C /* Pods_MudamosMobileTests.framework */ = {isa = PBXFileReference; explicitFileType = wrapper.framework; includeInIndex = 0; path = Pods_MudamosMobileTests.framework; sourceTree = BUILT_PRODUCTS_DIR; };
		DBBB0EDB6FB4D46948F2A27B /* Pods_MudamosMobile.framework */ = {isa = PBXFileReference; explicitFileType = wrapper.framework; includeInIndex = 0; path = Pods_MudamosMobile.framework; sourceTree = BUILT_PRODUCTS_DIR; };
		FC45B1BB94D278A89EF7F9D9 /* Pods-MudamosMobile.debug.xcconfig */ = {isa = PBXFileReference; includeInIndex = 1; lastKnownFileType = text.xcconfig; name = "Pods-MudamosMobile.debug.xcconfig"; path = "Pods/Target Support Files/Pods-MudamosMobile/Pods-MudamosMobile.debug.xcconfig"; sourceTree = "<group>"; };
		FC816BA612714338983ED538 /* Entypo.ttf */ = {isa = PBXFileReference; explicitFileType = undefined; fileEncoding = 9; includeInIndex = 0; lastKnownFileType = unknown; name = Entypo.ttf; path = "../node_modules/react-native-vector-icons/Fonts/Entypo.ttf"; sourceTree = "<group>"; };
		FD315B732F68A52F03537566 /* Pods-MudamosMobileTagviewBeta.debug.xcconfig */ = {isa = PBXFileReference; includeInIndex = 1; lastKnownFileType = text.xcconfig; name = "Pods-MudamosMobileTagviewBeta.debug.xcconfig"; path = "Pods/Target Support Files/Pods-MudamosMobileTagviewBeta/Pods-MudamosMobileTagviewBeta.debug.xcconfig"; sourceTree = "<group>"; };
		6EB2C13AB0724038A9508791 /* RCTMaterialKit.xcodeproj */ = {isa = PBXFileReference; name = "RCTMaterialKit.xcodeproj"; path = "../node_modules/react-native-material-kit/iOS/RCTMaterialKit.xcodeproj"; sourceTree = "<group>"; fileEncoding = undefined; lastKnownFileType = wrapper.pb-project; explicitFileType = undefined; includeInIndex = 0; };
		2CEAAA30612448BBADAF3224 /* libRCTMaterialKit.a */ = {isa = PBXFileReference; name = "libRCTMaterialKit.a"; path = "libRCTMaterialKit.a"; sourceTree = "<group>"; fileEncoding = undefined; lastKnownFileType = archive.ar; explicitFileType = undefined; includeInIndex = 0; };
		E43A712CA50B405C881A95F5 /* AirMaps.xcodeproj */ = {isa = PBXFileReference; name = "AirMaps.xcodeproj"; path = "../node_modules/react-native-maps/ios/AirMaps.xcodeproj"; sourceTree = "<group>"; fileEncoding = undefined; lastKnownFileType = wrapper.pb-project; explicitFileType = undefined; includeInIndex = 0; };
		1082FEFEA6B34CF8A23BF45D /* libAirMaps.a */ = {isa = PBXFileReference; name = "libAirMaps.a"; path = "libAirMaps.a"; sourceTree = "<group>"; fileEncoding = undefined; lastKnownFileType = archive.ar; explicitFileType = undefined; includeInIndex = 0; };
/* End PBXFileReference section */

/* Begin PBXFrameworksBuildPhase section */
		00E356EB1AD99517003FC87E /* Frameworks */ = {
			isa = PBXFrameworksBuildPhase;
			buildActionMask = 2147483647;
			files = (
				140ED2AC1D01E1AD002B40FF /* libReact.a in Frameworks */,
				4E3854BF0D083037E79D169F /* Pods_MudamosMobileTests.framework in Frameworks */,
			);
			runOnlyForDeploymentPostprocessing = 0;
		};
		13B07F8C1A680F5B00A75B9A /* Frameworks */ = {
			isa = PBXFrameworksBuildPhase;
			buildActionMask = 2147483647;
			files = (
				146834051AC3E58100842450 /* libReact.a in Frameworks */,
				00C302E51ABCBA2D00DB3ED1 /* libRCTActionSheet.a in Frameworks */,
				00C302E71ABCBA2D00DB3ED1 /* libRCTGeolocation.a in Frameworks */,
				00C302E81ABCBA2D00DB3ED1 /* libRCTImage.a in Frameworks */,
				133E29F31AD74F7200F7D852 /* libRCTLinking.a in Frameworks */,
				00C302E91ABCBA2D00DB3ED1 /* libRCTNetwork.a in Frameworks */,
				139105C61AF99C1200B5F7CC /* libRCTSettings.a in Frameworks */,
				832341BD1AAA6AB300B99B32 /* libRCTText.a in Frameworks */,
				00C302EA1ABCBA2D00DB3ED1 /* libRCTVibration.a in Frameworks */,
				139FDEF61B0652A700C62182 /* libRCTWebSocket.a in Frameworks */,
				D255DBA5704D40A7AB44AB19 /* libReactNativeConfig.a in Frameworks */,
				A582C3D9FA9E493FA165D256 /* libRNSpinkit.a in Frameworks */,
				C4DC04054CD8457DBDF02C62 /* libRNVectorIcons.a in Frameworks */,
				487149B079254A2EAA173126 /* libRCTFBLogin.a in Frameworks */,
				6DEB6F7A5414DE00DCABF21D /* Pods_MudamosMobile.framework in Frameworks */,
				2364B1868423443CBD44C241 /* libLRDRCTSimpleToast.a in Frameworks */,
				42961A956F554605831631BF /* libRCTMaterialKit.a in Frameworks */,
				25C471E7FD8644158C6B3260 /* libAirMaps.a in Frameworks */,
			);
			runOnlyForDeploymentPostprocessing = 0;
		};
		46ED2A701DF194E400B36CD0 /* Frameworks */ = {
			isa = PBXFrameworksBuildPhase;
			buildActionMask = 2147483647;
			files = (
				46ED2A711DF194E400B36CD0 /* libReact.a in Frameworks */,
				46ED2A721DF194E400B36CD0 /* libRCTActionSheet.a in Frameworks */,
				46ED2A731DF194E400B36CD0 /* libRCTGeolocation.a in Frameworks */,
				46ED2A741DF194E400B36CD0 /* libRCTImage.a in Frameworks */,
				46ED2A751DF194E400B36CD0 /* libRCTLinking.a in Frameworks */,
				46ED2A761DF194E400B36CD0 /* libRCTNetwork.a in Frameworks */,
				46ED2A771DF194E400B36CD0 /* libRCTSettings.a in Frameworks */,
				46ED2A781DF194E400B36CD0 /* libRCTText.a in Frameworks */,
				46ED2A791DF194E400B36CD0 /* libRCTVibration.a in Frameworks */,
				46ED2A7A1DF194E400B36CD0 /* libRCTWebSocket.a in Frameworks */,
				46ED2A7B1DF194E400B36CD0 /* libReactNativeConfig.a in Frameworks */,
				46ED2A7C1DF194E400B36CD0 /* libRNSpinkit.a in Frameworks */,
				46ED2A7D1DF194E400B36CD0 /* libRNVectorIcons.a in Frameworks */,
				46ED2A7E1DF194E400B36CD0 /* libRCTFBLogin.a in Frameworks */,
				46ED2A7F1DF194E400B36CD0 /* Pods_MudamosMobile.framework in Frameworks */,
				46ED2A801DF194E400B36CD0 /* libLRDRCTSimpleToast.a in Frameworks */,
				30910D199404C3C085B8EE95 /* Pods_MudamosMobileTagviewBeta.framework in Frameworks */,
			);
			runOnlyForDeploymentPostprocessing = 0;
		};
/* End PBXFrameworksBuildPhase section */

/* Begin PBXGroup section */
		00C302A81ABCB8CE00DB3ED1 /* Products */ = {
			isa = PBXGroup;
			children = (
				00C302AC1ABCB8CE00DB3ED1 /* libRCTActionSheet.a */,
			);
			name = Products;
			sourceTree = "<group>";
		};
		00C302B61ABCB90400DB3ED1 /* Products */ = {
			isa = PBXGroup;
			children = (
				00C302BA1ABCB90400DB3ED1 /* libRCTGeolocation.a */,
			);
			name = Products;
			sourceTree = "<group>";
		};
		00C302BC1ABCB91800DB3ED1 /* Products */ = {
			isa = PBXGroup;
			children = (
				00C302C01ABCB91800DB3ED1 /* libRCTImage.a */,
				46C0AB2C1DD5E40600447C6C /* libRCTImage-tvOS.a */,
			);
			name = Products;
			sourceTree = "<group>";
		};
		00C302D41ABCB9D200DB3ED1 /* Products */ = {
			isa = PBXGroup;
			children = (
				00C302DC1ABCB9D200DB3ED1 /* libRCTNetwork.a */,
				46C0AB341DD5E40600447C6C /* libRCTNetwork-tvOS.a */,
			);
			name = Products;
			sourceTree = "<group>";
		};
		00C302E01ABCB9EE00DB3ED1 /* Products */ = {
			isa = PBXGroup;
			children = (
				00C302E41ABCB9EE00DB3ED1 /* libRCTVibration.a */,
			);
			name = Products;
			sourceTree = "<group>";
		};
		00E356EF1AD99517003FC87E /* MudamosMobileTests */ = {
			isa = PBXGroup;
			children = (
				00E356F21AD99517003FC87E /* MudamosMobileTests.m */,
				00E356F01AD99517003FC87E /* Supporting Files */,
			);
			path = MudamosMobileTests;
			sourceTree = "<group>";
		};
		00E356F01AD99517003FC87E /* Supporting Files */ = {
			isa = PBXGroup;
			children = (
				00E356F11AD99517003FC87E /* Info.plist */,
			);
			name = "Supporting Files";
			sourceTree = "<group>";
		};
		139105B71AF99BAD00B5F7CC /* Products */ = {
			isa = PBXGroup;
			children = (
				139105C11AF99BAD00B5F7CC /* libRCTSettings.a */,
				46C0AB381DD5E40600447C6C /* libRCTSettings-tvOS.a */,
			);
			name = Products;
			sourceTree = "<group>";
		};
		139FDEE71B06529A00C62182 /* Products */ = {
			isa = PBXGroup;
			children = (
				139FDEF41B06529B00C62182 /* libRCTWebSocket.a */,
				46C0AB411DD5E40600447C6C /* libRCTWebSocket-tvOS.a */,
			);
			name = Products;
			sourceTree = "<group>";
		};
		13B07FAE1A68108700A75B9A /* MudamosMobile */ = {
			isa = PBXGroup;
			children = (
				008F07F21AC5B25A0029DE68 /* main.jsbundle */,
				13B07FAF1A68108700A75B9A /* AppDelegate.h */,
				13B07FB01A68108700A75B9A /* AppDelegate.m */,
				13B07FB51A68108700A75B9A /* Images.xcassets */,
				13B07FB61A68108700A75B9A /* Info.plist */,
				46BD9FDB1DF1A0E600366372 /* InfoTagviewBeta.plist */,
				13B07FB11A68108700A75B9A /* LaunchScreen.xib */,
				13B07FB71A68108700A75B9A /* main.m */,
			);
			name = MudamosMobile;
			sourceTree = "<group>";
		};
		146834001AC3E56700842450 /* Products */ = {
			isa = PBXGroup;
			children = (
				146834041AC3E56700842450 /* libReact.a */,
				46C0AB451DD5E40600447C6C /* libReact-tvOS.a */,
			);
			name = Products;
			sourceTree = "<group>";
		};
		460E7DC91DF18C1100F86028 /* Products */ = {
			isa = PBXGroup;
			children = (
				460E7DCD1DF18C1100F86028 /* libLRDRCTSimpleToast.a */,
			);
			name = Products;
			sourceTree = "<group>";
		};
		46C0AB251DD5E40600447C6C /* Products */ = {
			isa = PBXGroup;
			children = (
				46C0AB481DD5E40600447C6C /* libReactNativeConfig.a */,
			);
			name = Products;
			sourceTree = "<group>";
		};
		46DBF0301DE386CF006B43B5 /* Products */ = {
			isa = PBXGroup;
			children = (
				46DBF0461DE386CF006B43B5 /* libRNVectorIcons.a */,
			);
			name = Products;
			sourceTree = "<group>";
		};
		46DBF0471DE386CF006B43B5 /* Products */ = {
			isa = PBXGroup;
			children = (
				46DBF04B1DE386CF006B43B5 /* libRNSpinkit.a */,
			);
			name = Products;
			sourceTree = "<group>";
		};
		46DBF04C1DE386CF006B43B5 /* Products */ = {
			isa = PBXGroup;
			children = (
				46DBF0501DE386CF006B43B5 /* libRCTFBLogin.a */,
			);
			name = Products;
			sourceTree = "<group>";
		};
		6FF64EC282744621BB244B38 /* Resources */ = {
			isa = PBXGroup;
			children = (
				46D30D7B1DE46B8400CE09C0 /* FacebookSDKStrings.bundle */,
				FC816BA612714338983ED538 /* Entypo.ttf */,
				10E569BB49504C0E8E0A286A /* EvilIcons.ttf */,
				9B5E533F39E44066933C7E40 /* FontAwesome.ttf */,
				9F016C18A1E94D748F17680C /* Foundation.ttf */,
				B15E59AB4D564186AE6276F2 /* Ionicons.ttf */,
				1EBAE3E29553499CBB9730E7 /* MaterialIcons.ttf */,
				0F2DC68A75BF46FBBA40FCDC /* Octicons.ttf */,
				52CFEA4AA81E45E9A3978748 /* SimpleLineIcons.ttf */,
				413B12353FD34D1C9F7FE084 /* Zocial.ttf */,
			);
			name = Resources;
			sourceTree = "<group>";
		};
		78C398B11ACF4ADC00677621 /* Products */ = {
			isa = PBXGroup;
			children = (
				78C398B91ACF4ADC00677621 /* libRCTLinking.a */,
				46C0AB301DD5E40600447C6C /* libRCTLinking-tvOS.a */,
			);
			name = Products;
			sourceTree = "<group>";
		};
		832341AE1AAA6A7D00B99B32 /* Libraries */ = {
			isa = PBXGroup;
			children = (
				146833FF1AC3E56700842450 /* React.xcodeproj */,
				00C302A71ABCB8CE00DB3ED1 /* RCTActionSheet.xcodeproj */,
				00C302B51ABCB90400DB3ED1 /* RCTGeolocation.xcodeproj */,
				00C302BB1ABCB91800DB3ED1 /* RCTImage.xcodeproj */,
				78C398B01ACF4ADC00677621 /* RCTLinking.xcodeproj */,
				00C302D31ABCB9D200DB3ED1 /* RCTNetwork.xcodeproj */,
				139105B61AF99BAD00B5F7CC /* RCTSettings.xcodeproj */,
				832341B01AAA6A8300B99B32 /* RCTText.xcodeproj */,
				00C302DF1ABCB9EE00DB3ED1 /* RCTVibration.xcodeproj */,
				139FDEE61B06529A00C62182 /* RCTWebSocket.xcodeproj */,
				4FE2169637FE40188168F6C0 /* ReactNativeConfig.xcodeproj */,
				0D705390BB914269AE72B86B /* RNSpinkit.xcodeproj */,
				05CE97551B064F0BBF41E711 /* RNVectorIcons.xcodeproj */,
				00A706D81B194C98BD55B335 /* RCTFBLogin.xcodeproj */,
				58704BD66EA349B7BB79C7ED /* LRDRCTSimpleToast.xcodeproj */,
				6EB2C13AB0724038A9508791 /* RCTMaterialKit.xcodeproj */,
				E43A712CA50B405C881A95F5 /* AirMaps.xcodeproj */,
			);
			name = Libraries;
			sourceTree = "<group>";
		};
		832341B11AAA6A8300B99B32 /* Products */ = {
			isa = PBXGroup;
			children = (
				832341B51AAA6A8300B99B32 /* libRCTText.a */,
				46C0AB3C1DD5E40600447C6C /* libRCTText-tvOS.a */,
			);
			name = Products;
			sourceTree = "<group>";
		};
		83CBB9F61A601CBA00E9B192 = {
			isa = PBXGroup;
			children = (
				13B07FAE1A68108700A75B9A /* MudamosMobile */,
				832341AE1AAA6A7D00B99B32 /* Libraries */,
				00E356EF1AD99517003FC87E /* MudamosMobileTests */,
				83CBBA001A601CBA00E9B192 /* Products */,
				A5E7F9BCFEA23D3C9568FD2A /* Pods */,
				E37103BD91427355FD24D359 /* Frameworks */,
				6FF64EC282744621BB244B38 /* Resources */,
			);
			indentWidth = 2;
			sourceTree = "<group>";
			tabWidth = 2;
		};
		83CBBA001A601CBA00E9B192 /* Products */ = {
			isa = PBXGroup;
			children = (
				13B07F961A680F5B00A75B9A /* MudamosMobile.app */,
				00E356EE1AD99517003FC87E /* MudamosMobileTests.xctest */,
				46ED2A941DF194E400B36CD0 /* MudamosMobileTagviewBeta.app */,
			);
			name = Products;
			sourceTree = "<group>";
		};
		A5E7F9BCFEA23D3C9568FD2A /* Pods */ = {
			isa = PBXGroup;
			children = (
				FC45B1BB94D278A89EF7F9D9 /* Pods-MudamosMobile.debug.xcconfig */,
				BB620C49F665BCB96048640D /* Pods-MudamosMobile.release.xcconfig */,
				5CA59394A12E918879BC09D5 /* Pods-MudamosMobileTests.debug.xcconfig */,
				207C3AC18ADF55D82D20DF88 /* Pods-MudamosMobileTests.release.xcconfig */,
				FD315B732F68A52F03537566 /* Pods-MudamosMobileTagviewBeta.debug.xcconfig */,
				245171D29B70E3836D0013F4 /* Pods-MudamosMobileTagviewBeta.release.xcconfig */,
			);
			name = Pods;
			sourceTree = "<group>";
		};
		E37103BD91427355FD24D359 /* Frameworks */ = {
			isa = PBXGroup;
			children = (
				DBBB0EDB6FB4D46948F2A27B /* Pods_MudamosMobile.framework */,
				CB358AEDAED7A7D4E7C8E06C /* Pods_MudamosMobileTests.framework */,
				8015D2F0699133166A12BA63 /* Pods_MudamosMobileTagviewBeta.framework */,
			);
			name = Frameworks;
			sourceTree = "<group>";
		};
/* End PBXGroup section */

/* Begin PBXNativeTarget section */
		00E356ED1AD99517003FC87E /* MudamosMobileTests */ = {
			isa = PBXNativeTarget;
			buildConfigurationList = 00E357021AD99517003FC87E /* Build configuration list for PBXNativeTarget "MudamosMobileTests" */;
			buildPhases = (
				50B6FD4640D541E323DC6466 /* [CP] Check Pods Manifest.lock */,
				00E356EA1AD99517003FC87E /* Sources */,
				00E356EB1AD99517003FC87E /* Frameworks */,
				00E356EC1AD99517003FC87E /* Resources */,
				297399DBBEA7BA4A938F4C70 /* [CP] Embed Pods Frameworks */,
				1CDF2DF2E939EC792041AC27 /* [CP] Copy Pods Resources */,
			);
			buildRules = (
			);
			dependencies = (
				00E356F51AD99517003FC87E /* PBXTargetDependency */,
			);
			name = MudamosMobileTests;
			productName = MudamosMobileTests;
			productReference = 00E356EE1AD99517003FC87E /* MudamosMobileTests.xctest */;
			productType = "com.apple.product-type.bundle.unit-test";
		};
		13B07F861A680F5B00A75B9A /* MudamosMobile */ = {
			isa = PBXNativeTarget;
			buildConfigurationList = 13B07F931A680F5B00A75B9A /* Build configuration list for PBXNativeTarget "MudamosMobile" */;
			buildPhases = (
				481860C8F7C9E0F8551AB297 /* [CP] Check Pods Manifest.lock */,
				13B07F871A680F5B00A75B9A /* Sources */,
				13B07F8C1A680F5B00A75B9A /* Frameworks */,
				13B07F8E1A680F5B00A75B9A /* Resources */,
				00DD1BFF1BD5951E006B06BC /* Bundle React Native code and images */,
				DC9231CF015E329FDB5635AC /* [CP] Embed Pods Frameworks */,
				57A79E06FA998F91BB424AD9 /* [CP] Copy Pods Resources */,
			);
			buildRules = (
			);
			dependencies = (
			);
			name = MudamosMobile;
			productName = "Hello World";
			productReference = 13B07F961A680F5B00A75B9A /* MudamosMobile.app */;
			productType = "com.apple.product-type.application";
		};
		46ED2A6B1DF194E400B36CD0 /* MudamosMobileTagviewBeta */ = {
			isa = PBXNativeTarget;
			buildConfigurationList = 46ED2A911DF194E400B36CD0 /* Build configuration list for PBXNativeTarget "MudamosMobileTagviewBeta" */;
			buildPhases = (
				46ED2A6C1DF194E400B36CD0 /* [CP] Check Pods Manifest.lock */,
				46ED2A6D1DF194E400B36CD0 /* Sources */,
				46ED2A701DF194E400B36CD0 /* Frameworks */,
				46ED2A811DF194E400B36CD0 /* Resources */,
				46ED2A8E1DF194E400B36CD0 /* Bundle React Native code and images */,
				46ED2A8F1DF194E400B36CD0 /* [CP] Embed Pods Frameworks */,
				46ED2A901DF194E400B36CD0 /* [CP] Copy Pods Resources */,
			);
			buildRules = (
			);
			dependencies = (
			);
			name = MudamosMobileTagviewBeta;
			productName = "Hello World";
			productReference = 46ED2A941DF194E400B36CD0 /* MudamosMobileTagviewBeta.app */;
			productType = "com.apple.product-type.application";
		};
/* End PBXNativeTarget section */

/* Begin PBXProject section */
		83CBB9F71A601CBA00E9B192 /* Project object */ = {
			isa = PBXProject;
			attributes = {
				LastUpgradeCheck = 610;
				ORGANIZATIONNAME = Facebook;
				TargetAttributes = {
					00E356ED1AD99517003FC87E = {
						CreatedOnToolsVersion = 6.2;
						TestTargetID = 13B07F861A680F5B00A75B9A;
					};
					13B07F861A680F5B00A75B9A = {
						DevelopmentTeam = T97PZRMFDE;
					};
					46ED2A6B1DF194E400B36CD0 = {
						DevelopmentTeam = T97PZRMFDE;
						ProvisioningStyle = Manual;
					};
				};
			};
			buildConfigurationList = 83CBB9FA1A601CBA00E9B192 /* Build configuration list for PBXProject "MudamosMobile" */;
			compatibilityVersion = "Xcode 3.2";
			developmentRegion = Portuguese;
			hasScannedForEncodings = 0;
			knownRegions = (
				"pt-BR",
				Base,
			);
			mainGroup = 83CBB9F61A601CBA00E9B192;
			productRefGroup = 83CBBA001A601CBA00E9B192 /* Products */;
			projectDirPath = "";
			projectReferences = (
				{
					ProductGroup = 460E7DC91DF18C1100F86028 /* Products */;
					ProjectRef = 58704BD66EA349B7BB79C7ED /* LRDRCTSimpleToast.xcodeproj */;
				},
				{
					ProductGroup = 00C302A81ABCB8CE00DB3ED1 /* Products */;
					ProjectRef = 00C302A71ABCB8CE00DB3ED1 /* RCTActionSheet.xcodeproj */;
				},
				{
					ProductGroup = 46DBF04C1DE386CF006B43B5 /* Products */;
					ProjectRef = 00A706D81B194C98BD55B335 /* RCTFBLogin.xcodeproj */;
				},
				{
					ProductGroup = 00C302B61ABCB90400DB3ED1 /* Products */;
					ProjectRef = 00C302B51ABCB90400DB3ED1 /* RCTGeolocation.xcodeproj */;
				},
				{
					ProductGroup = 00C302BC1ABCB91800DB3ED1 /* Products */;
					ProjectRef = 00C302BB1ABCB91800DB3ED1 /* RCTImage.xcodeproj */;
				},
				{
					ProductGroup = 78C398B11ACF4ADC00677621 /* Products */;
					ProjectRef = 78C398B01ACF4ADC00677621 /* RCTLinking.xcodeproj */;
				},
				{
					ProductGroup = 00C302D41ABCB9D200DB3ED1 /* Products */;
					ProjectRef = 00C302D31ABCB9D200DB3ED1 /* RCTNetwork.xcodeproj */;
				},
				{
					ProductGroup = 139105B71AF99BAD00B5F7CC /* Products */;
					ProjectRef = 139105B61AF99BAD00B5F7CC /* RCTSettings.xcodeproj */;
				},
				{
					ProductGroup = 832341B11AAA6A8300B99B32 /* Products */;
					ProjectRef = 832341B01AAA6A8300B99B32 /* RCTText.xcodeproj */;
				},
				{
					ProductGroup = 00C302E01ABCB9EE00DB3ED1 /* Products */;
					ProjectRef = 00C302DF1ABCB9EE00DB3ED1 /* RCTVibration.xcodeproj */;
				},
				{
					ProductGroup = 139FDEE71B06529A00C62182 /* Products */;
					ProjectRef = 139FDEE61B06529A00C62182 /* RCTWebSocket.xcodeproj */;
				},
				{
					ProductGroup = 146834001AC3E56700842450 /* Products */;
					ProjectRef = 146833FF1AC3E56700842450 /* React.xcodeproj */;
				},
				{
					ProductGroup = 46C0AB251DD5E40600447C6C /* Products */;
					ProjectRef = 4FE2169637FE40188168F6C0 /* ReactNativeConfig.xcodeproj */;
				},
				{
					ProductGroup = 46DBF0471DE386CF006B43B5 /* Products */;
					ProjectRef = 0D705390BB914269AE72B86B /* RNSpinkit.xcodeproj */;
				},
				{
					ProductGroup = 46DBF0301DE386CF006B43B5 /* Products */;
					ProjectRef = 05CE97551B064F0BBF41E711 /* RNVectorIcons.xcodeproj */;
				},
			);
			projectRoot = "";
			targets = (
				13B07F861A680F5B00A75B9A /* MudamosMobile */,
				00E356ED1AD99517003FC87E /* MudamosMobileTests */,
				46ED2A6B1DF194E400B36CD0 /* MudamosMobileTagviewBeta */,
			);
		};
/* End PBXProject section */

/* Begin PBXReferenceProxy section */
		00C302AC1ABCB8CE00DB3ED1 /* libRCTActionSheet.a */ = {
			isa = PBXReferenceProxy;
			fileType = archive.ar;
			path = libRCTActionSheet.a;
			remoteRef = 00C302AB1ABCB8CE00DB3ED1 /* PBXContainerItemProxy */;
			sourceTree = BUILT_PRODUCTS_DIR;
		};
		00C302BA1ABCB90400DB3ED1 /* libRCTGeolocation.a */ = {
			isa = PBXReferenceProxy;
			fileType = archive.ar;
			path = libRCTGeolocation.a;
			remoteRef = 00C302B91ABCB90400DB3ED1 /* PBXContainerItemProxy */;
			sourceTree = BUILT_PRODUCTS_DIR;
		};
		00C302C01ABCB91800DB3ED1 /* libRCTImage.a */ = {
			isa = PBXReferenceProxy;
			fileType = archive.ar;
			path = libRCTImage.a;
			remoteRef = 00C302BF1ABCB91800DB3ED1 /* PBXContainerItemProxy */;
			sourceTree = BUILT_PRODUCTS_DIR;
		};
		00C302DC1ABCB9D200DB3ED1 /* libRCTNetwork.a */ = {
			isa = PBXReferenceProxy;
			fileType = archive.ar;
			path = libRCTNetwork.a;
			remoteRef = 00C302DB1ABCB9D200DB3ED1 /* PBXContainerItemProxy */;
			sourceTree = BUILT_PRODUCTS_DIR;
		};
		00C302E41ABCB9EE00DB3ED1 /* libRCTVibration.a */ = {
			isa = PBXReferenceProxy;
			fileType = archive.ar;
			path = libRCTVibration.a;
			remoteRef = 00C302E31ABCB9EE00DB3ED1 /* PBXContainerItemProxy */;
			sourceTree = BUILT_PRODUCTS_DIR;
		};
		139105C11AF99BAD00B5F7CC /* libRCTSettings.a */ = {
			isa = PBXReferenceProxy;
			fileType = archive.ar;
			path = libRCTSettings.a;
			remoteRef = 139105C01AF99BAD00B5F7CC /* PBXContainerItemProxy */;
			sourceTree = BUILT_PRODUCTS_DIR;
		};
		139FDEF41B06529B00C62182 /* libRCTWebSocket.a */ = {
			isa = PBXReferenceProxy;
			fileType = archive.ar;
			path = libRCTWebSocket.a;
			remoteRef = 139FDEF31B06529B00C62182 /* PBXContainerItemProxy */;
			sourceTree = BUILT_PRODUCTS_DIR;
		};
		146834041AC3E56700842450 /* libReact.a */ = {
			isa = PBXReferenceProxy;
			fileType = archive.ar;
			path = libReact.a;
			remoteRef = 146834031AC3E56700842450 /* PBXContainerItemProxy */;
			sourceTree = BUILT_PRODUCTS_DIR;
		};
		460E7DCD1DF18C1100F86028 /* libLRDRCTSimpleToast.a */ = {
			isa = PBXReferenceProxy;
			fileType = archive.ar;
			path = libLRDRCTSimpleToast.a;
			remoteRef = 460E7DCC1DF18C1100F86028 /* PBXContainerItemProxy */;
			sourceTree = BUILT_PRODUCTS_DIR;
		};
		46C0AB2C1DD5E40600447C6C /* libRCTImage-tvOS.a */ = {
			isa = PBXReferenceProxy;
			fileType = archive.ar;
			path = "libRCTImage-tvOS.a";
			remoteRef = 46C0AB2B1DD5E40600447C6C /* PBXContainerItemProxy */;
			sourceTree = BUILT_PRODUCTS_DIR;
		};
		46C0AB301DD5E40600447C6C /* libRCTLinking-tvOS.a */ = {
			isa = PBXReferenceProxy;
			fileType = archive.ar;
			path = "libRCTLinking-tvOS.a";
			remoteRef = 46C0AB2F1DD5E40600447C6C /* PBXContainerItemProxy */;
			sourceTree = BUILT_PRODUCTS_DIR;
		};
		46C0AB341DD5E40600447C6C /* libRCTNetwork-tvOS.a */ = {
			isa = PBXReferenceProxy;
			fileType = archive.ar;
			path = "libRCTNetwork-tvOS.a";
			remoteRef = 46C0AB331DD5E40600447C6C /* PBXContainerItemProxy */;
			sourceTree = BUILT_PRODUCTS_DIR;
		};
		46C0AB381DD5E40600447C6C /* libRCTSettings-tvOS.a */ = {
			isa = PBXReferenceProxy;
			fileType = archive.ar;
			path = "libRCTSettings-tvOS.a";
			remoteRef = 46C0AB371DD5E40600447C6C /* PBXContainerItemProxy */;
			sourceTree = BUILT_PRODUCTS_DIR;
		};
		46C0AB3C1DD5E40600447C6C /* libRCTText-tvOS.a */ = {
			isa = PBXReferenceProxy;
			fileType = archive.ar;
			path = "libRCTText-tvOS.a";
			remoteRef = 46C0AB3B1DD5E40600447C6C /* PBXContainerItemProxy */;
			sourceTree = BUILT_PRODUCTS_DIR;
		};
		46C0AB411DD5E40600447C6C /* libRCTWebSocket-tvOS.a */ = {
			isa = PBXReferenceProxy;
			fileType = archive.ar;
			path = "libRCTWebSocket-tvOS.a";
			remoteRef = 46C0AB401DD5E40600447C6C /* PBXContainerItemProxy */;
			sourceTree = BUILT_PRODUCTS_DIR;
		};
		46C0AB451DD5E40600447C6C /* libReact-tvOS.a */ = {
			isa = PBXReferenceProxy;
			fileType = archive.ar;
			path = "libReact-tvOS.a";
			remoteRef = 46C0AB441DD5E40600447C6C /* PBXContainerItemProxy */;
			sourceTree = BUILT_PRODUCTS_DIR;
		};
		46C0AB481DD5E40600447C6C /* libReactNativeConfig.a */ = {
			isa = PBXReferenceProxy;
			fileType = archive.ar;
			path = libReactNativeConfig.a;
			remoteRef = 46C0AB471DD5E40600447C6C /* PBXContainerItemProxy */;
			sourceTree = BUILT_PRODUCTS_DIR;
		};
		46DBF0461DE386CF006B43B5 /* libRNVectorIcons.a */ = {
			isa = PBXReferenceProxy;
			fileType = archive.ar;
			path = libRNVectorIcons.a;
			remoteRef = 46DBF0451DE386CF006B43B5 /* PBXContainerItemProxy */;
			sourceTree = BUILT_PRODUCTS_DIR;
		};
		46DBF04B1DE386CF006B43B5 /* libRNSpinkit.a */ = {
			isa = PBXReferenceProxy;
			fileType = archive.ar;
			path = libRNSpinkit.a;
			remoteRef = 46DBF04A1DE386CF006B43B5 /* PBXContainerItemProxy */;
			sourceTree = BUILT_PRODUCTS_DIR;
		};
		46DBF0501DE386CF006B43B5 /* libRCTFBLogin.a */ = {
			isa = PBXReferenceProxy;
			fileType = archive.ar;
			path = libRCTFBLogin.a;
			remoteRef = 46DBF04F1DE386CF006B43B5 /* PBXContainerItemProxy */;
			sourceTree = BUILT_PRODUCTS_DIR;
		};
		78C398B91ACF4ADC00677621 /* libRCTLinking.a */ = {
			isa = PBXReferenceProxy;
			fileType = archive.ar;
			path = libRCTLinking.a;
			remoteRef = 78C398B81ACF4ADC00677621 /* PBXContainerItemProxy */;
			sourceTree = BUILT_PRODUCTS_DIR;
		};
		832341B51AAA6A8300B99B32 /* libRCTText.a */ = {
			isa = PBXReferenceProxy;
			fileType = archive.ar;
			path = libRCTText.a;
			remoteRef = 832341B41AAA6A8300B99B32 /* PBXContainerItemProxy */;
			sourceTree = BUILT_PRODUCTS_DIR;
		};
/* End PBXReferenceProxy section */

/* Begin PBXResourcesBuildPhase section */
		00E356EC1AD99517003FC87E /* Resources */ = {
			isa = PBXResourcesBuildPhase;
			buildActionMask = 2147483647;
			files = (
			);
			runOnlyForDeploymentPostprocessing = 0;
		};
		13B07F8E1A680F5B00A75B9A /* Resources */ = {
			isa = PBXResourcesBuildPhase;
			buildActionMask = 2147483647;
			files = (
				13B07FBF1A68108700A75B9A /* Images.xcassets in Resources */,
				13B07FBD1A68108700A75B9A /* LaunchScreen.xib in Resources */,
				609EBA8E9D8E4A92BF4BBEA5 /* Entypo.ttf in Resources */,
				46D30D7C1DE46B8400CE09C0 /* FacebookSDKStrings.bundle in Resources */,
				5BCE8C5C9D8349EFB95E719A /* EvilIcons.ttf in Resources */,
				F424078D44A14BFBBE1D412B /* FontAwesome.ttf in Resources */,
				C9AFB9662A2E495A8F9DC469 /* Foundation.ttf in Resources */,
				12DE1FDA65EF4A9BBD79B18B /* Ionicons.ttf in Resources */,
				AE65A15000BA4D24BE9384D3 /* MaterialIcons.ttf in Resources */,
				D3E5BB9F9F7942BAAFD16EF4 /* Octicons.ttf in Resources */,
				B9DC8F78B14942C9AA8886FC /* SimpleLineIcons.ttf in Resources */,
				A987A82739134C549891CBB6 /* Zocial.ttf in Resources */,
			);
			runOnlyForDeploymentPostprocessing = 0;
		};
		46ED2A811DF194E400B36CD0 /* Resources */ = {
			isa = PBXResourcesBuildPhase;
			buildActionMask = 2147483647;
			files = (
				46ED2A821DF194E400B36CD0 /* Images.xcassets in Resources */,
				46BD9FDC1DF1A0E600366372 /* InfoTagviewBeta.plist in Resources */,
				46ED2A831DF194E400B36CD0 /* LaunchScreen.xib in Resources */,
				46ED2A841DF194E400B36CD0 /* Entypo.ttf in Resources */,
				46ED2A851DF194E400B36CD0 /* FacebookSDKStrings.bundle in Resources */,
				46ED2A861DF194E400B36CD0 /* EvilIcons.ttf in Resources */,
				46ED2A871DF194E400B36CD0 /* FontAwesome.ttf in Resources */,
				46ED2A881DF194E400B36CD0 /* Foundation.ttf in Resources */,
				46ED2A891DF194E400B36CD0 /* Ionicons.ttf in Resources */,
				46ED2A8A1DF194E400B36CD0 /* MaterialIcons.ttf in Resources */,
				46ED2A8B1DF194E400B36CD0 /* Octicons.ttf in Resources */,
				46ED2A8C1DF194E400B36CD0 /* SimpleLineIcons.ttf in Resources */,
				46ED2A8D1DF194E400B36CD0 /* Zocial.ttf in Resources */,
			);
			runOnlyForDeploymentPostprocessing = 0;
		};
/* End PBXResourcesBuildPhase section */

/* Begin PBXShellScriptBuildPhase section */
		00DD1BFF1BD5951E006B06BC /* Bundle React Native code and images */ = {
			isa = PBXShellScriptBuildPhase;
			buildActionMask = 2147483647;
			files = (
			);
			inputPaths = (
			);
			name = "Bundle React Native code and images";
			outputPaths = (
			);
			runOnlyForDeploymentPostprocessing = 0;
			shellPath = /bin/sh;
			shellScript = "source ~/.bash_profile\nexport NODE_BINARY=node\n../node_modules/react-native/packager/react-native-xcode.sh";
		};
		1CDF2DF2E939EC792041AC27 /* [CP] Copy Pods Resources */ = {
			isa = PBXShellScriptBuildPhase;
			buildActionMask = 2147483647;
			files = (
			);
			inputPaths = (
			);
			name = "[CP] Copy Pods Resources";
			outputPaths = (
			);
			runOnlyForDeploymentPostprocessing = 0;
			shellPath = /bin/sh;
			shellScript = "\"${SRCROOT}/Pods/Target Support Files/Pods-MudamosMobileTests/Pods-MudamosMobileTests-resources.sh\"\n";
			showEnvVarsInLog = 0;
		};
		297399DBBEA7BA4A938F4C70 /* [CP] Embed Pods Frameworks */ = {
			isa = PBXShellScriptBuildPhase;
			buildActionMask = 2147483647;
			files = (
			);
			inputPaths = (
			);
			name = "[CP] Embed Pods Frameworks";
			outputPaths = (
			);
			runOnlyForDeploymentPostprocessing = 0;
			shellPath = /bin/sh;
			shellScript = "\"${SRCROOT}/Pods/Target Support Files/Pods-MudamosMobileTests/Pods-MudamosMobileTests-frameworks.sh\"\n";
			showEnvVarsInLog = 0;
		};
		46ED2A6C1DF194E400B36CD0 /* [CP] Check Pods Manifest.lock */ = {
			isa = PBXShellScriptBuildPhase;
			buildActionMask = 2147483647;
			files = (
			);
			inputPaths = (
			);
			name = "[CP] Check Pods Manifest.lock";
			outputPaths = (
			);
			runOnlyForDeploymentPostprocessing = 0;
			shellPath = /bin/sh;
			shellScript = "diff \"${PODS_ROOT}/../Podfile.lock\" \"${PODS_ROOT}/Manifest.lock\" > /dev/null\nif [ $? != 0 ] ; then\n    # print error to STDERR\n    echo \"error: The sandbox is not in sync with the Podfile.lock. Run 'pod install' or update your CocoaPods installation.\" >&2\n    exit 1\nfi\n";
			showEnvVarsInLog = 0;
		};
		46ED2A8E1DF194E400B36CD0 /* Bundle React Native code and images */ = {
			isa = PBXShellScriptBuildPhase;
			buildActionMask = 2147483647;
			files = (
			);
			inputPaths = (
			);
			name = "Bundle React Native code and images";
			outputPaths = (
			);
			runOnlyForDeploymentPostprocessing = 0;
			shellPath = /bin/sh;
			shellScript = "source ~/.bash_profile\nexport NODE_BINARY=node\n../node_modules/react-native/packager/react-native-xcode.sh";
		};
		46ED2A8F1DF194E400B36CD0 /* [CP] Embed Pods Frameworks */ = {
			isa = PBXShellScriptBuildPhase;
			buildActionMask = 2147483647;
			files = (
			);
			inputPaths = (
			);
			name = "[CP] Embed Pods Frameworks";
			outputPaths = (
			);
			runOnlyForDeploymentPostprocessing = 0;
			shellPath = /bin/sh;
			shellScript = "\"${SRCROOT}/Pods/Target Support Files/Pods-MudamosMobileTagviewBeta/Pods-MudamosMobileTagviewBeta-frameworks.sh\"\n";
			showEnvVarsInLog = 0;
		};
		46ED2A901DF194E400B36CD0 /* [CP] Copy Pods Resources */ = {
			isa = PBXShellScriptBuildPhase;
			buildActionMask = 2147483647;
			files = (
			);
			inputPaths = (
			);
			name = "[CP] Copy Pods Resources";
			outputPaths = (
			);
			runOnlyForDeploymentPostprocessing = 0;
			shellPath = /bin/sh;
			shellScript = "\"${SRCROOT}/Pods/Target Support Files/Pods-MudamosMobileTagviewBeta/Pods-MudamosMobileTagviewBeta-resources.sh\"\n";
			showEnvVarsInLog = 0;
		};
		481860C8F7C9E0F8551AB297 /* [CP] Check Pods Manifest.lock */ = {
			isa = PBXShellScriptBuildPhase;
			buildActionMask = 2147483647;
			files = (
			);
			inputPaths = (
			);
			name = "[CP] Check Pods Manifest.lock";
			outputPaths = (
			);
			runOnlyForDeploymentPostprocessing = 0;
			shellPath = /bin/sh;
			shellScript = "diff \"${PODS_ROOT}/../Podfile.lock\" \"${PODS_ROOT}/Manifest.lock\" > /dev/null\nif [ $? != 0 ] ; then\n    # print error to STDERR\n    echo \"error: The sandbox is not in sync with the Podfile.lock. Run 'pod install' or update your CocoaPods installation.\" >&2\n    exit 1\nfi\n";
			showEnvVarsInLog = 0;
		};
		50B6FD4640D541E323DC6466 /* [CP] Check Pods Manifest.lock */ = {
			isa = PBXShellScriptBuildPhase;
			buildActionMask = 2147483647;
			files = (
			);
			inputPaths = (
			);
			name = "[CP] Check Pods Manifest.lock";
			outputPaths = (
			);
			runOnlyForDeploymentPostprocessing = 0;
			shellPath = /bin/sh;
			shellScript = "diff \"${PODS_ROOT}/../Podfile.lock\" \"${PODS_ROOT}/Manifest.lock\" > /dev/null\nif [ $? != 0 ] ; then\n    # print error to STDERR\n    echo \"error: The sandbox is not in sync with the Podfile.lock. Run 'pod install' or update your CocoaPods installation.\" >&2\n    exit 1\nfi\n";
			showEnvVarsInLog = 0;
		};
		57A79E06FA998F91BB424AD9 /* [CP] Copy Pods Resources */ = {
			isa = PBXShellScriptBuildPhase;
			buildActionMask = 2147483647;
			files = (
			);
			inputPaths = (
			);
			name = "[CP] Copy Pods Resources";
			outputPaths = (
			);
			runOnlyForDeploymentPostprocessing = 0;
			shellPath = /bin/sh;
			shellScript = "\"${SRCROOT}/Pods/Target Support Files/Pods-MudamosMobile/Pods-MudamosMobile-resources.sh\"\n";
			showEnvVarsInLog = 0;
		};
		DC9231CF015E329FDB5635AC /* [CP] Embed Pods Frameworks */ = {
			isa = PBXShellScriptBuildPhase;
			buildActionMask = 2147483647;
			files = (
			);
			inputPaths = (
			);
			name = "[CP] Embed Pods Frameworks";
			outputPaths = (
			);
			runOnlyForDeploymentPostprocessing = 0;
			shellPath = /bin/sh;
			shellScript = "\"${SRCROOT}/Pods/Target Support Files/Pods-MudamosMobile/Pods-MudamosMobile-frameworks.sh\"\n";
			showEnvVarsInLog = 0;
		};
/* End PBXShellScriptBuildPhase section */

/* Begin PBXSourcesBuildPhase section */
		00E356EA1AD99517003FC87E /* Sources */ = {
			isa = PBXSourcesBuildPhase;
			buildActionMask = 2147483647;
			files = (
				00E356F31AD99517003FC87E /* MudamosMobileTests.m in Sources */,
			);
			runOnlyForDeploymentPostprocessing = 0;
		};
		13B07F871A680F5B00A75B9A /* Sources */ = {
			isa = PBXSourcesBuildPhase;
			buildActionMask = 2147483647;
			files = (
				13B07FBC1A68108700A75B9A /* AppDelegate.m in Sources */,
				13B07FC11A68108700A75B9A /* main.m in Sources */,
			);
			runOnlyForDeploymentPostprocessing = 0;
		};
		46ED2A6D1DF194E400B36CD0 /* Sources */ = {
			isa = PBXSourcesBuildPhase;
			buildActionMask = 2147483647;
			files = (
				46ED2A6E1DF194E400B36CD0 /* AppDelegate.m in Sources */,
				46ED2A6F1DF194E400B36CD0 /* main.m in Sources */,
			);
			runOnlyForDeploymentPostprocessing = 0;
		};
/* End PBXSourcesBuildPhase section */

/* Begin PBXTargetDependency section */
		00E356F51AD99517003FC87E /* PBXTargetDependency */ = {
			isa = PBXTargetDependency;
			target = 13B07F861A680F5B00A75B9A /* MudamosMobile */;
			targetProxy = 00E356F41AD99517003FC87E /* PBXContainerItemProxy */;
		};
/* End PBXTargetDependency section */

/* Begin PBXVariantGroup section */
		13B07FB11A68108700A75B9A /* LaunchScreen.xib */ = {
			isa = PBXVariantGroup;
			children = (
				46DE63581DE469430031B576 /* Base */,
			);
			name = LaunchScreen.xib;
			path = MudamosMobile;
			sourceTree = "<group>";
		};
/* End PBXVariantGroup section */

/* Begin XCBuildConfiguration section */
		00E356F61AD99517003FC87E /* Debug */ = {
			isa = XCBuildConfiguration;
			baseConfigurationReference = 5CA59394A12E918879BC09D5 /* Pods-MudamosMobileTests.debug.xcconfig */;
			buildSettings = {
				BUNDLE_LOADER = "$(TEST_HOST)";
				GCC_PREPROCESSOR_DEFINITIONS = (
					"DEBUG=1",
					"$(inherited)",
				);
				INFOPLIST_FILE = MudamosMobileTests/Info.plist;
				IPHONEOS_DEPLOYMENT_TARGET = 8.0;
				LD_RUNPATH_SEARCH_PATHS = "$(inherited) @executable_path/Frameworks @loader_path/Frameworks";
				LIBRARY_SEARCH_PATHS = (
					"$(inherited)",
					"\"$(SRCROOT)/$(TARGET_NAME)\"",
					"\"$(SRCROOT)/$(TARGET_NAME)\"",
				);
				PRODUCT_NAME = "$(TARGET_NAME)";
				TEST_HOST = "$(BUILT_PRODUCTS_DIR)/MudamosMobile.app/MudamosMobile";
			};
			name = Debug;
		};
		00E356F71AD99517003FC87E /* Release */ = {
			isa = XCBuildConfiguration;
			baseConfigurationReference = 207C3AC18ADF55D82D20DF88 /* Pods-MudamosMobileTests.release.xcconfig */;
			buildSettings = {
				BUNDLE_LOADER = "$(TEST_HOST)";
				COPY_PHASE_STRIP = NO;
				INFOPLIST_FILE = MudamosMobileTests/Info.plist;
				IPHONEOS_DEPLOYMENT_TARGET = 8.0;
				LD_RUNPATH_SEARCH_PATHS = "$(inherited) @executable_path/Frameworks @loader_path/Frameworks";
				LIBRARY_SEARCH_PATHS = (
					"$(inherited)",
					"\"$(SRCROOT)/$(TARGET_NAME)\"",
					"\"$(SRCROOT)/$(TARGET_NAME)\"",
				);
				PRODUCT_NAME = "$(TARGET_NAME)";
				TEST_HOST = "$(BUILT_PRODUCTS_DIR)/MudamosMobile.app/MudamosMobile";
			};
			name = Release;
		};
		13B07F941A680F5B00A75B9A /* Debug */ = {
			isa = XCBuildConfiguration;
			baseConfigurationReference = FC45B1BB94D278A89EF7F9D9 /* Pods-MudamosMobile.debug.xcconfig */;
			buildSettings = {
				ASSETCATALOG_COMPILER_APPICON_NAME = AppIcon;
				CURRENT_PROJECT_VERSION = 1;
				DEAD_CODE_STRIPPING = NO;
				DEVELOPMENT_TEAM = T97PZRMFDE;
				HEADER_SEARCH_PATHS = (
					"$(inherited)",
					/Applications/Xcode.app/Contents/Developer/Toolchains/XcodeDefault.xctoolchain/usr/include,
					"$(SRCROOT)/../node_modules/react-native/React/**",
					"$(SRCROOT)/../node_modules/react-native-config/ios/ReactNativeConfig",
					"$(SRCROOT)/../node_modules/react-native-spinkit/ios/**",
					"$(SRCROOT)/../node_modules/react-native-vector-icons/RNVectorIconsManager",
					"$(SRCROOT)/../node_modules/react-native-facebook-login/RCTFBLogin/**",
					"$(SRCROOT)/../node_modules/react-native-simple-toast/ios/LRDRCTSimpleToast",
					"$(SRCROOT)/../node_modules/react-native-material-kit/iOS/RCTMaterialKit",
					"$(SRCROOT)/../node_modules/react-native-maps/ios/**",
				);
				INFOPLIST_FILE = MudamosMobile/Info.plist;
				IPHONEOS_DEPLOYMENT_TARGET = 9.0;
				LD_RUNPATH_SEARCH_PATHS = "$(inherited) @executable_path/Frameworks";
				OTHER_LDFLAGS = (
					"$(inherited)",
					"-ObjC",
					"-lc++",
				);
				PRODUCT_BUNDLE_IDENTIFIER = org.mudamos.MudamosMobile;
				PRODUCT_NAME = MudamosMobile;
				VERSIONING_SYSTEM = "apple-generic";
			};
			name = Debug;
		};
		13B07F951A680F5B00A75B9A /* Release */ = {
			isa = XCBuildConfiguration;
			baseConfigurationReference = BB620C49F665BCB96048640D /* Pods-MudamosMobile.release.xcconfig */;
			buildSettings = {
				ASSETCATALOG_COMPILER_APPICON_NAME = AppIcon;
				CURRENT_PROJECT_VERSION = 1;
				DEVELOPMENT_TEAM = T97PZRMFDE;
				HEADER_SEARCH_PATHS = (
					"$(inherited)",
					/Applications/Xcode.app/Contents/Developer/Toolchains/XcodeDefault.xctoolchain/usr/include,
					"$(SRCROOT)/../node_modules/react-native/React/**",
					"$(SRCROOT)/../node_modules/react-native-config/ios/ReactNativeConfig",
					"$(SRCROOT)/../node_modules/react-native-spinkit/ios/**",
					"$(SRCROOT)/../node_modules/react-native-vector-icons/RNVectorIconsManager",
					"$(SRCROOT)/../node_modules/react-native-facebook-login/RCTFBLogin/**",
					"$(SRCROOT)/../node_modules/react-native-simple-toast/ios/LRDRCTSimpleToast",
					"$(SRCROOT)/../node_modules/react-native-material-kit/iOS/RCTMaterialKit",
					"$(SRCROOT)/../node_modules/react-native-maps/ios/**",
				);
				INFOPLIST_FILE = MudamosMobile/Info.plist;
				IPHONEOS_DEPLOYMENT_TARGET = 9.0;
				LD_RUNPATH_SEARCH_PATHS = "$(inherited) @executable_path/Frameworks";
				OTHER_LDFLAGS = (
					"$(inherited)",
					"-ObjC",
					"-lc++",
				);
				PRODUCT_BUNDLE_IDENTIFIER = org.mudamos.MudamosMobile;
				PRODUCT_NAME = MudamosMobile;
				VERSIONING_SYSTEM = "apple-generic";
			};
			name = Release;
		};
		46ED2A921DF194E400B36CD0 /* Debug */ = {
			isa = XCBuildConfiguration;
			baseConfigurationReference = FD315B732F68A52F03537566 /* Pods-MudamosMobileTagviewBeta.debug.xcconfig */;
			buildSettings = {
				ASSETCATALOG_COMPILER_APPICON_NAME = AppIcon;
				CODE_SIGN_IDENTITY = "iPhone Developer";
				"CODE_SIGN_IDENTITY[sdk=iphoneos*]" = "iPhone Developer";
				CURRENT_PROJECT_VERSION = 1;
				DEAD_CODE_STRIPPING = NO;
				DEVELOPMENT_TEAM = T97PZRMFDE;
				HEADER_SEARCH_PATHS = (
					"$(inherited)",
					/Applications/Xcode.app/Contents/Developer/Toolchains/XcodeDefault.xctoolchain/usr/include,
					"$(SRCROOT)/../node_modules/react-native/React/**",
					"$(SRCROOT)/../node_modules/react-native-config/ios/ReactNativeConfig",
					"$(SRCROOT)/../node_modules/react-native-spinkit/ios/**",
					"$(SRCROOT)/../node_modules/react-native-vector-icons/RNVectorIconsManager",
					"$(SRCROOT)/../node_modules/react-native-facebook-login/RCTFBLogin/**",
					"$(SRCROOT)/../node_modules/react-native-simple-toast/ios/LRDRCTSimpleToast",
					"$(SRCROOT)/../node_modules/react-native-material-kit/iOS/RCTMaterialKit",
					"$(SRCROOT)/../node_modules/react-native-maps/ios/**",
				);
				INFOPLIST_FILE = "$(SRCROOT)/MudamosMobile/InfoTagviewBeta.plist";
				IPHONEOS_DEPLOYMENT_TARGET = 9.0;
				LD_RUNPATH_SEARCH_PATHS = "$(inherited) @executable_path/Frameworks";
				OTHER_LDFLAGS = (
					"$(inherited)",
					"-ObjC",
					"-lc++",
				);
				PRODUCT_BUNDLE_IDENTIFIER = br.com.tagview.mudamosmobile;
				PRODUCT_NAME = "$(TARGET_NAME)";
				PROVISIONING_PROFILE = "ed10aefe-30e8-4e1b-9646-19ad847002b7";
				PROVISIONING_PROFILE_SPECIFIER = "Mudamos Mobile Development";
				VERSIONING_SYSTEM = "apple-generic";
				LIBRARY_SEARCH_PATHS = (
					"$(inherited)",
					"\"$(SRCROOT)/$(TARGET_NAME)\"",
					"\"$(SRCROOT)/$(TARGET_NAME)\"",
				);
			};
			name = Debug;
		};
		46ED2A931DF194E400B36CD0 /* Release */ = {
			isa = XCBuildConfiguration;
			baseConfigurationReference = 245171D29B70E3836D0013F4 /* Pods-MudamosMobileTagviewBeta.release.xcconfig */;
			buildSettings = {
				ASSETCATALOG_COMPILER_APPICON_NAME = AppIcon;
				CODE_SIGN_IDENTITY = "iPhone Distribution: Mor & Dan Tecnologia Consultoria Empresarial Ltda (T97PZRMFDE)";
				"CODE_SIGN_IDENTITY[sdk=iphoneos*]" = "iPhone Distribution: Mor & Dan Tecnologia Consultoria Empresarial Ltda (T97PZRMFDE)";
				CURRENT_PROJECT_VERSION = 1;
				DEVELOPMENT_TEAM = T97PZRMFDE;
				HEADER_SEARCH_PATHS = (
					"$(inherited)",
					/Applications/Xcode.app/Contents/Developer/Toolchains/XcodeDefault.xctoolchain/usr/include,
					"$(SRCROOT)/../node_modules/react-native/React/**",
					"$(SRCROOT)/../node_modules/react-native-config/ios/ReactNativeConfig",
					"$(SRCROOT)/../node_modules/react-native-spinkit/ios/**",
					"$(SRCROOT)/../node_modules/react-native-vector-icons/RNVectorIconsManager",
					"$(SRCROOT)/../node_modules/react-native-facebook-login/RCTFBLogin/**",
					"$(SRCROOT)/../node_modules/react-native-simple-toast/ios/LRDRCTSimpleToast",
					"$(SRCROOT)/../node_modules/react-native-material-kit/iOS/RCTMaterialKit",
					"$(SRCROOT)/../node_modules/react-native-maps/ios/**",
				);
				INFOPLIST_FILE = "$(SRCROOT)/MudamosMobile/InfoTagviewBeta.plist";
				IPHONEOS_DEPLOYMENT_TARGET = 9.0;
				LD_RUNPATH_SEARCH_PATHS = "$(inherited) @executable_path/Frameworks";
				OTHER_LDFLAGS = (
					"$(inherited)",
					"-ObjC",
					"-lc++",
				);
				PRODUCT_BUNDLE_IDENTIFIER = br.com.tagview.mudamosmobile;
				PRODUCT_NAME = "$(TARGET_NAME)";
				PROVISIONING_PROFILE_SPECIFIER = "XC Ad Hoc: br.com.tagview.mudamosmobile";
				VERSIONING_SYSTEM = "apple-generic";
				LIBRARY_SEARCH_PATHS = (
					"$(inherited)",
					"\"$(SRCROOT)/$(TARGET_NAME)\"",
					"\"$(SRCROOT)/$(TARGET_NAME)\"",
				);
			};
			name = Release;
		};
		83CBBA201A601CBA00E9B192 /* Debug */ = {
			isa = XCBuildConfiguration;
			buildSettings = {
				ALWAYS_SEARCH_USER_PATHS = NO;
				CLANG_ANALYZER_LOCALIZABILITY_NONLOCALIZED = YES;
				CLANG_CXX_LANGUAGE_STANDARD = "gnu++0x";
				CLANG_CXX_LIBRARY = "libc++";
				CLANG_ENABLE_MODULES = YES;
				CLANG_ENABLE_OBJC_ARC = YES;
				CLANG_WARN_BOOL_CONVERSION = YES;
				CLANG_WARN_CONSTANT_CONVERSION = YES;
				CLANG_WARN_DIRECT_OBJC_ISA_USAGE = YES_ERROR;
				CLANG_WARN_EMPTY_BODY = YES;
				CLANG_WARN_ENUM_CONVERSION = YES;
				CLANG_WARN_INT_CONVERSION = YES;
				CLANG_WARN_OBJC_ROOT_CLASS = YES_ERROR;
				CLANG_WARN_UNREACHABLE_CODE = YES;
				CLANG_WARN__DUPLICATE_METHOD_MATCH = YES;
				"CODE_SIGN_IDENTITY[sdk=iphoneos*]" = "iPhone Developer";
				COPY_PHASE_STRIP = NO;
				ENABLE_STRICT_OBJC_MSGSEND = YES;
				GCC_C_LANGUAGE_STANDARD = gnu99;
				GCC_DYNAMIC_NO_PIC = NO;
				GCC_OPTIMIZATION_LEVEL = 0;
				GCC_PREPROCESSOR_DEFINITIONS = (
					"DEBUG=1",
					"$(inherited)",
				);
				GCC_SYMBOLS_PRIVATE_EXTERN = NO;
				GCC_WARN_64_TO_32_BIT_CONVERSION = YES;
				GCC_WARN_ABOUT_RETURN_TYPE = YES_ERROR;
				GCC_WARN_UNDECLARED_SELECTOR = YES;
				GCC_WARN_UNINITIALIZED_AUTOS = YES_AGGRESSIVE;
				GCC_WARN_UNUSED_FUNCTION = YES;
				GCC_WARN_UNUSED_VARIABLE = YES;
				HEADER_SEARCH_PATHS = (
					"$(inherited)",
					/Applications/Xcode.app/Contents/Developer/Toolchains/XcodeDefault.xctoolchain/usr/include,
					"$(SRCROOT)/../node_modules/react-native/React/**",
					"$(SRCROOT)/../node_modules/react-native-config/ios/ReactNativeConfig",
					"$(SRCROOT)/../node_modules/react-native-spinkit/ios/**",
					"$(SRCROOT)/../node_modules/react-native-vector-icons/RNVectorIconsManager",
					"$(SRCROOT)/../node_modules/react-native-facebook-login/RCTFBLogin/**",
					"$(SRCROOT)/../node_modules/react-native-simple-toast/ios/LRDRCTSimpleToast",
					"$(SRCROOT)/../node_modules/react-native-material-kit/iOS/RCTMaterialKit",
					"$(SRCROOT)/../node_modules/react-native-maps/ios/**",
				);
				IPHONEOS_DEPLOYMENT_TARGET = 8.0;
				MTL_ENABLE_DEBUG_INFO = YES;
				ONLY_ACTIVE_ARCH = YES;
				SDKROOT = iphoneos;
			};
			name = Debug;
		};
		83CBBA211A601CBA00E9B192 /* Release */ = {
			isa = XCBuildConfiguration;
			buildSettings = {
				ALWAYS_SEARCH_USER_PATHS = NO;
				CLANG_ANALYZER_LOCALIZABILITY_NONLOCALIZED = YES;
				CLANG_CXX_LANGUAGE_STANDARD = "gnu++0x";
				CLANG_CXX_LIBRARY = "libc++";
				CLANG_ENABLE_MODULES = YES;
				CLANG_ENABLE_OBJC_ARC = YES;
				CLANG_WARN_BOOL_CONVERSION = YES;
				CLANG_WARN_CONSTANT_CONVERSION = YES;
				CLANG_WARN_DIRECT_OBJC_ISA_USAGE = YES_ERROR;
				CLANG_WARN_EMPTY_BODY = YES;
				CLANG_WARN_ENUM_CONVERSION = YES;
				CLANG_WARN_INT_CONVERSION = YES;
				CLANG_WARN_OBJC_ROOT_CLASS = YES_ERROR;
				CLANG_WARN_UNREACHABLE_CODE = YES;
				CLANG_WARN__DUPLICATE_METHOD_MATCH = YES;
				"CODE_SIGN_IDENTITY[sdk=iphoneos*]" = "iPhone Developer";
				COPY_PHASE_STRIP = YES;
				ENABLE_NS_ASSERTIONS = NO;
				ENABLE_STRICT_OBJC_MSGSEND = YES;
				GCC_C_LANGUAGE_STANDARD = gnu99;
				GCC_WARN_64_TO_32_BIT_CONVERSION = YES;
				GCC_WARN_ABOUT_RETURN_TYPE = YES_ERROR;
				GCC_WARN_UNDECLARED_SELECTOR = YES;
				GCC_WARN_UNINITIALIZED_AUTOS = YES_AGGRESSIVE;
				GCC_WARN_UNUSED_FUNCTION = YES;
				GCC_WARN_UNUSED_VARIABLE = YES;
				HEADER_SEARCH_PATHS = (
					"$(inherited)",
					/Applications/Xcode.app/Contents/Developer/Toolchains/XcodeDefault.xctoolchain/usr/include,
					"$(SRCROOT)/../node_modules/react-native/React/**",
					"$(SRCROOT)/../node_modules/react-native-config/ios/ReactNativeConfig",
					"$(SRCROOT)/../node_modules/react-native-spinkit/ios/**",
					"$(SRCROOT)/../node_modules/react-native-vector-icons/RNVectorIconsManager",
					"$(SRCROOT)/../node_modules/react-native-facebook-login/RCTFBLogin/**",
					"$(SRCROOT)/../node_modules/react-native-simple-toast/ios/LRDRCTSimpleToast",
					"$(SRCROOT)/../node_modules/react-native-material-kit/iOS/RCTMaterialKit",
					"$(SRCROOT)/../node_modules/react-native-maps/ios/**",
				);
				IPHONEOS_DEPLOYMENT_TARGET = 8.0;
				MTL_ENABLE_DEBUG_INFO = NO;
				SDKROOT = iphoneos;
				VALIDATE_PRODUCT = YES;
			};
			name = Release;
		};
/* End XCBuildConfiguration section */

/* Begin XCConfigurationList section */
		00E357021AD99517003FC87E /* Build configuration list for PBXNativeTarget "MudamosMobileTests" */ = {
			isa = XCConfigurationList;
			buildConfigurations = (
				00E356F61AD99517003FC87E /* Debug */,
				00E356F71AD99517003FC87E /* Release */,
			);
			defaultConfigurationIsVisible = 0;
			defaultConfigurationName = Release;
		};
		13B07F931A680F5B00A75B9A /* Build configuration list for PBXNativeTarget "MudamosMobile" */ = {
			isa = XCConfigurationList;
			buildConfigurations = (
				13B07F941A680F5B00A75B9A /* Debug */,
				13B07F951A680F5B00A75B9A /* Release */,
			);
			defaultConfigurationIsVisible = 0;
			defaultConfigurationName = Release;
		};
		46ED2A911DF194E400B36CD0 /* Build configuration list for PBXNativeTarget "MudamosMobileTagviewBeta" */ = {
			isa = XCConfigurationList;
			buildConfigurations = (
				46ED2A921DF194E400B36CD0 /* Debug */,
				46ED2A931DF194E400B36CD0 /* Release */,
			);
			defaultConfigurationIsVisible = 0;
			defaultConfigurationName = Release;
		};
		83CBB9FA1A601CBA00E9B192 /* Build configuration list for PBXProject "MudamosMobile" */ = {
			isa = XCConfigurationList;
			buildConfigurations = (
				83CBBA201A601CBA00E9B192 /* Debug */,
				83CBBA211A601CBA00E9B192 /* Release */,
			);
			defaultConfigurationIsVisible = 0;
			defaultConfigurationName = Release;
		};
/* End XCConfigurationList section */
	};
	rootObject = 83CBB9F71A601CBA00E9B192 /* Project object */;
}
